
Microsoft Visual Studio Solution File, Format Version 12.00
# Visual Studio 15
VisualStudioVersion = 15.0.27004.2002
MinimumVisualStudioVersion = 10.0.40219.1
Project("{FAE04EC0-301F-11D3-BF4B-00C04F79EFBC}") = "Problem4_2", "Problem4_2\Problem4_2.csproj", "{921B8D93-6A75-4C2A-B321-B7841BEAF4AC}"
EndProject
Project("{FAE04EC0-301F-11D3-BF4B-00C04F79EFBC}") = "Problem4_1", "Problem4_1\Problem4_1.csproj", "{075A197E-C317-441B-BF9E-213841A14416}"
EndProject
Project("{FAE04EC0-301F-11D3-BF4B-00C04F79EFBC}") = "Problem4_3", "Problem4_3\Problem4_3.csproj", "{17517C0B-7CBB-489E-B777-24C63C9B58CB}"
EndProject
Project("{FAE04EC0-301F-11D3-BF4B-00C04F79EFBC}") = "Problem4_4", "Problem4_4\Problem4_4.csproj", "{072B6033-CE13-40BB-B5DF-7227BEA811F3}"
EndProject
Project("{FAE04EC0-301F-11D3-BF4B-00C04F79EFBC}") = "Problem4_5", "Problem4_5\Problem4_5.csproj", "{E5BA6406-6EEB-4355-9A17-B03644487AE9}"
EndProject
Project("{FAE04EC0-301F-11D3-BF4B-00C04F79EFBC}") = "Problem4_6", "Problem4_6\Problem4_6.csproj", "{3BDD6353-D772-4B18-975D-1D5DEEA69EC3}"
EndProject
Project("{FAE04EC0-301F-11D3-BF4B-00C04F79EFBC}") = "Problem4_7", "Problem4_7\Problem4_7.csproj", "{8D96A1DA-00EE-497A-B2ED-D5EA5DA658B1}"
EndProject
Project("{FAE04EC0-301F-11D3-BF4B-00C04F79EFBC}") = "Problem4_8", "Problem4_8\Problem4_8.csproj", "{64F08290-AC2D-4F85-AAF9-065267398E98}"
EndProject
Project("{FAE04EC0-301F-11D3-BF4B-00C04F79EFBC}") = "Problem4_9", "Problem4_9\Problem4_9.csproj", "{B5F9E37A-E798-4DA5-89B7-774DE7CA6850}"
EndProject
Project("{FAE04EC0-301F-11D3-BF4B-00C04F79EFBC}") = "Problem4_10", "Problem4_10\Problem4_10.csproj", "{F05A5696-7A87-4F12-80F1-08D144944172}"
EndProject
Project("{FAE04EC0-301F-11D3-BF4B-00C04F79EFBC}") = "Problem4_11", "Problem4_11\Problem4_11.csproj", "{FB872E8F-5131-4348-A10E-A073969AA76A}"
EndProject
Project("{FAE04EC0-301F-11D3-BF4B-00C04F79EFBC}") = "Problem4_12", "Problem4_12\Problem4_12.csproj", "{0185661B-D068-4DC9-921E-76F501E051CA}"
EndProject
Project("{FAE04EC0-301F-11D3-BF4B-00C04F79EFBC}") = "Problem4_13", "Problem4_13\Problem4_13.csproj", "{90CCA4B0-0790-42CF-AB99-8B962707D0E6}"
EndProject
Project("{FAE04EC0-301F-11D3-BF4B-00C04F79EFBC}") = "Problem4_14", "Problem4_14\Problem4_14.csproj", "{3A8BD112-AFDD-4FF6-8756-120D3032319D}"
EndProject
Project("{FAE04EC0-301F-11D3-BF4B-00C04F79EFBC}") = "Problem4_15", "Problem4_15\Problem4_15.csproj", "{B843CB19-301D-42B1-935B-754564F448B6}"
EndProject
Project("{FAE04EC0-301F-11D3-BF4B-00C04F79EFBC}") = "Problem4_16", "Problem4_16\Problem4_16.csproj", "{0016B869-A827-4769-A428-FCD6B29D3978}"
EndProject
Project("{FAE04EC0-301F-11D3-BF4B-00C04F79EFBC}") = "Problem4_17", "Problem4_17\Problem4_17.csproj", "{2E9AE6BB-08FC-42E6-93C7-08C95CE942F3}"
EndProject
Project("{FAE04EC0-301F-11D3-BF4B-00C04F79EFBC}") = "Problem4_18", "Problem4_18\Problem4_18.csproj", "{0C3CC434-A7BB-4E4A-83C0-BFA01208A10A}"
EndProject
Project("{2150E333-8FDC-42A3-9474-1A3956D46DE8}") = "basic4day", "basic4day", "{96477489-DB72-455A-B435-9A3386F358C6}"
EndProject
Global
	GlobalSection(SolutionConfigurationPlatforms) = preSolution
		Debug|Any CPU = Debug|Any CPU
		Release|Any CPU = Release|Any CPU
	EndGlobalSection
	GlobalSection(ProjectConfigurationPlatforms) = postSolution
		{921B8D93-6A75-4C2A-B321-B7841BEAF4AC}.Debug|Any CPU.ActiveCfg = Debug|Any CPU
		{921B8D93-6A75-4C2A-B321-B7841BEAF4AC}.Debug|Any CPU.Build.0 = Debug|Any CPU
		{921B8D93-6A75-4C2A-B321-B7841BEAF4AC}.Release|Any CPU.ActiveCfg = Release|Any CPU
		{921B8D93-6A75-4C2A-B321-B7841BEAF4AC}.Release|Any CPU.Build.0 = Release|Any CPU
		{075A197E-C317-441B-BF9E-213841A14416}.Debug|Any CPU.ActiveCfg = Debug|Any CPU
		{075A197E-C317-441B-BF9E-213841A14416}.Debug|Any CPU.Build.0 = Debug|Any CPU
		{075A197E-C317-441B-BF9E-213841A14416}.Release|Any CPU.ActiveCfg = Release|Any CPU
		{075A197E-C317-441B-BF9E-213841A14416}.Release|Any CPU.Build.0 = Release|Any CPU
		{17517C0B-7CBB-489E-B777-24C63C9B58CB}.Debug|Any CPU.ActiveCfg = Debug|Any CPU
		{17517C0B-7CBB-489E-B777-24C63C9B58CB}.Debug|Any CPU.Build.0 = Debug|Any CPU
		{17517C0B-7CBB-489E-B777-24C63C9B58CB}.Release|Any CPU.ActiveCfg = Release|Any CPU
		{17517C0B-7CBB-489E-B777-24C63C9B58CB}.Release|Any CPU.Build.0 = Release|Any CPU
		{072B6033-CE13-40BB-B5DF-7227BEA811F3}.Debug|Any CPU.ActiveCfg = Debug|Any CPU
		{072B6033-CE13-40BB-B5DF-7227BEA811F3}.Debug|Any CPU.Build.0 = Debug|Any CPU
		{072B6033-CE13-40BB-B5DF-7227BEA811F3}.Release|Any CPU.ActiveCfg = Release|Any CPU
		{072B6033-CE13-40BB-B5DF-7227BEA811F3}.Release|Any CPU.Build.0 = Release|Any CPU
		{E5BA6406-6EEB-4355-9A17-B03644487AE9}.Debug|Any CPU.ActiveCfg = Debug|Any CPU
		{E5BA6406-6EEB-4355-9A17-B03644487AE9}.Debug|Any CPU.Build.0 = Debug|Any CPU
		{E5BA6406-6EEB-4355-9A17-B03644487AE9}.Release|Any CPU.ActiveCfg = Release|Any CPU
		{E5BA6406-6EEB-4355-9A17-B03644487AE9}.Release|Any CPU.Build.0 = Release|Any CPU
		{3BDD6353-D772-4B18-975D-1D5DEEA69EC3}.Debug|Any CPU.ActiveCfg = Debug|Any CPU
		{3BDD6353-D772-4B18-975D-1D5DEEA69EC3}.Debug|Any CPU.Build.0 = Debug|Any CPU
		{3BDD6353-D772-4B18-975D-1D5DEEA69EC3}.Release|Any CPU.ActiveCfg = Release|Any CPU
		{3BDD6353-D772-4B18-975D-1D5DEEA69EC3}.Release|Any CPU.Build.0 = Release|Any CPU
		{8D96A1DA-00EE-497A-B2ED-D5EA5DA658B1}.Debug|Any CPU.ActiveCfg = Debug|Any CPU
		{8D96A1DA-00EE-497A-B2ED-D5EA5DA658B1}.Debug|Any CPU.Build.0 = Debug|Any CPU
		{8D96A1DA-00EE-497A-B2ED-D5EA5DA658B1}.Release|Any CPU.ActiveCfg = Release|Any CPU
		{8D96A1DA-00EE-497A-B2ED-D5EA5DA658B1}.Release|Any CPU.Build.0 = Release|Any CPU
		{64F08290-AC2D-4F85-AAF9-065267398E98}.Debug|Any CPU.ActiveCfg = Debug|Any CPU
		{64F08290-AC2D-4F85-AAF9-065267398E98}.Debug|Any CPU.Build.0 = Debug|Any CPU
		{64F08290-AC2D-4F85-AAF9-065267398E98}.Release|Any CPU.ActiveCfg = Release|Any CPU
		{64F08290-AC2D-4F85-AAF9-065267398E98}.Release|Any CPU.Build.0 = Release|Any CPU
		{B5F9E37A-E798-4DA5-89B7-774DE7CA6850}.Debug|Any CPU.ActiveCfg = Debug|Any CPU
		{B5F9E37A-E798-4DA5-89B7-774DE7CA6850}.Debug|Any CPU.Build.0 = Debug|Any CPU
		{B5F9E37A-E798-4DA5-89B7-774DE7CA6850}.Release|Any CPU.ActiveCfg = Release|Any CPU
		{B5F9E37A-E798-4DA5-89B7-774DE7CA6850}.Release|Any CPU.Build.0 = Release|Any CPU
		{F05A5696-7A87-4F12-80F1-08D144944172}.Debug|Any CPU.ActiveCfg = Debug|Any CPU
		{F05A5696-7A87-4F12-80F1-08D144944172}.Debug|Any CPU.Build.0 = Debug|Any CPU
		{F05A5696-7A87-4F12-80F1-08D144944172}.Release|Any CPU.ActiveCfg = Release|Any CPU
		{F05A5696-7A87-4F12-80F1-08D144944172}.Release|Any CPU.Build.0 = Release|Any CPU
		{FB872E8F-5131-4348-A10E-A073969AA76A}.Debug|Any CPU.ActiveCfg = Debug|Any CPU
		{FB872E8F-5131-4348-A10E-A073969AA76A}.Debug|Any CPU.Build.0 = Debug|Any CPU
		{FB872E8F-5131-4348-A10E-A073969AA76A}.Release|Any CPU.ActiveCfg = Release|Any CPU
		{FB872E8F-5131-4348-A10E-A073969AA76A}.Release|Any CPU.Build.0 = Release|Any CPU
		{0185661B-D068-4DC9-921E-76F501E051CA}.Debug|Any CPU.ActiveCfg = Debug|Any CPU
		{0185661B-D068-4DC9-921E-76F501E051CA}.Debug|Any CPU.Build.0 = Debug|Any CPU
		{0185661B-D068-4DC9-921E-76F501E051CA}.Release|Any CPU.ActiveCfg = Release|Any CPU
		{0185661B-D068-4DC9-921E-76F501E051CA}.Release|Any CPU.Build.0 = Release|Any CPU
		{90CCA4B0-0790-42CF-AB99-8B962707D0E6}.Debug|Any CPU.ActiveCfg = Debug|Any CPU
		{90CCA4B0-0790-42CF-AB99-8B962707D0E6}.Debug|Any CPU.Build.0 = Debug|Any CPU
		{90CCA4B0-0790-42CF-AB99-8B962707D0E6}.Release|Any CPU.ActiveCfg = Release|Any CPU
		{90CCA4B0-0790-42CF-AB99-8B962707D0E6}.Release|Any CPU.Build.0 = Release|Any CPU
		{3A8BD112-AFDD-4FF6-8756-120D3032319D}.Debug|Any CPU.ActiveCfg = Debug|Any CPU
		{3A8BD112-AFDD-4FF6-8756-120D3032319D}.Debug|Any CPU.Build.0 = Debug|Any CPU
		{3A8BD112-AFDD-4FF6-8756-120D3032319D}.Release|Any CPU.ActiveCfg = Release|Any CPU
		{3A8BD112-AFDD-4FF6-8756-120D3032319D}.Release|Any CPU.Build.0 = Release|Any CPU
		{B843CB19-301D-42B1-935B-754564F448B6}.Debug|Any CPU.ActiveCfg = Debug|Any CPU
		{B843CB19-301D-42B1-935B-754564F448B6}.Debug|Any CPU.Build.0 = Debug|Any CPU
		{B843CB19-301D-42B1-935B-754564F448B6}.Release|Any CPU.ActiveCfg = Release|Any CPU
		{B843CB19-301D-42B1-935B-754564F448B6}.Release|Any CPU.Build.0 = Release|Any CPU
		{0016B869-A827-4769-A428-FCD6B29D3978}.Debug|Any CPU.ActiveCfg = Debug|Any CPU
		{0016B869-A827-4769-A428-FCD6B29D3978}.Debug|Any CPU.Build.0 = Debug|Any CPU
		{0016B869-A827-4769-A428-FCD6B29D3978}.Release|Any CPU.ActiveCfg = Release|Any CPU
		{0016B869-A827-4769-A428-FCD6B29D3978}.Release|Any CPU.Build.0 = Release|Any CPU
		{2E9AE6BB-08FC-42E6-93C7-08C95CE942F3}.Debug|Any CPU.ActiveCfg = Debug|Any CPU
		{2E9AE6BB-08FC-42E6-93C7-08C95CE942F3}.Debug|Any CPU.Build.0 = Debug|Any CPU
		{2E9AE6BB-08FC-42E6-93C7-08C95CE942F3}.Release|Any CPU.ActiveCfg = Release|Any CPU
		{2E9AE6BB-08FC-42E6-93C7-08C95CE942F3}.Release|Any CPU.Build.0 = Release|Any CPU
		{0C3CC434-A7BB-4E4A-83C0-BFA01208A10A}.Debug|Any CPU.ActiveCfg = Debug|Any CPU
		{0C3CC434-A7BB-4E4A-83C0-BFA01208A10A}.Debug|Any CPU.Build.0 = Debug|Any CPU
		{0C3CC434-A7BB-4E4A-83C0-BFA01208A10A}.Release|Any CPU.ActiveCfg = Release|Any CPU
		{0C3CC434-A7BB-4E4A-83C0-BFA01208A10A}.Release|Any CPU.Build.0 = Release|Any CPU
	EndGlobalSection
	GlobalSection(SolutionProperties) = preSolution
		HideSolutionNode = FALSE
	EndGlobalSection
	GlobalSection(NestedProjects) = preSolution
		{921B8D93-6A75-4C2A-B321-B7841BEAF4AC} = {96477489-DB72-455A-B435-9A3386F358C6}
		{075A197E-C317-441B-BF9E-213841A14416} = {96477489-DB72-455A-B435-9A3386F358C6}
		{17517C0B-7CBB-489E-B777-24C63C9B58CB} = {96477489-DB72-455A-B435-9A3386F358C6}
		{072B6033-CE13-40BB-B5DF-7227BEA811F3} = {96477489-DB72-455A-B435-9A3386F358C6}
		{E5BA6406-6EEB-4355-9A17-B03644487AE9} = {96477489-DB72-455A-B435-9A3386F358C6}
		{3BDD6353-D772-4B18-975D-1D5DEEA69EC3} = {96477489-DB72-455A-B435-9A3386F358C6}
		{8D96A1DA-00EE-497A-B2ED-D5EA5DA658B1} = {96477489-DB72-455A-B435-9A3386F358C6}
		{64F08290-AC2D-4F85-AAF9-065267398E98} = {96477489-DB72-455A-B435-9A3386F358C6}
		{B5F9E37A-E798-4DA5-89B7-774DE7CA6850} = {96477489-DB72-455A-B435-9A3386F358C6}
		{F05A5696-7A87-4F12-80F1-08D144944172} = {96477489-DB72-455A-B435-9A3386F358C6}
		{FB872E8F-5131-4348-A10E-A073969AA76A} = {96477489-DB72-455A-B435-9A3386F358C6}
		{0185661B-D068-4DC9-921E-76F501E051CA} = {96477489-DB72-455A-B435-9A3386F358C6}
		{90CCA4B0-0790-42CF-AB99-8B962707D0E6} = {96477489-DB72-455A-B435-9A3386F358C6}
		{3A8BD112-AFDD-4FF6-8756-120D3032319D} = {96477489-DB72-455A-B435-9A3386F358C6}
		{B843CB19-301D-42B1-935B-754564F448B6} = {96477489-DB72-455A-B435-9A3386F358C6}
		{0016B869-A827-4769-A428-FCD6B29D3978} = {96477489-DB72-455A-B435-9A3386F358C6}
		{2E9AE6BB-08FC-42E6-93C7-08C95CE942F3} = {96477489-DB72-455A-B435-9A3386F358C6}
		{0C3CC434-A7BB-4E4A-83C0-BFA01208A10A} = {96477489-DB72-455A-B435-9A3386F358C6}
	EndGlobalSection
	GlobalSection(ExtensibilityGlobals) = postSolution
		SolutionGuid = {358507FF-6659-4487-8DC1-3B6B04552F86}
	EndGlobalSection
EndGlobal
