
Microsoft Visual Studio Solution File, Format Version 12.00
# Visual Studio 15
VisualStudioVersion = 15.0.27004.2002
MinimumVisualStudioVersion = 10.0.40219.1
Project("{FAE04EC0-301F-11D3-BF4B-00C04F79EFBC}") = "Problem4_2", "Problem4_2\Problem4_2.csproj", "{921B8D93-6A75-4C2A-B321-B7841BEAF4AC}"
EndProject
Project("{FAE04EC0-301F-11D3-BF4B-00C04F79EFBC}") = "Problem4_1", "Problem4_1\Problem4_1.csproj", "{075A197E-C317-441B-BF9E-213841A14416}"
EndProject
Project("{FAE04EC0-301F-11D3-BF4B-00C04F79EFBC}") = "Problem4_3", "Problem4_3\Problem4_3.csproj", "{17517C0B-7CBB-489E-B777-24C63C9B58CB}"
EndProject
Project("{FAE04EC0-301F-11D3-BF4B-00C04F79EFBC}") = "Problem4_4", "Problem4_4\Problem4_4.csproj", "{072B6033-CE13-40BB-B5DF-7227BEA811F3}"
EndProject
Project("{FAE04EC0-301F-11D3-BF4B-00C04F79EFBC}") = "Problem4_5", "Problem4_5\Problem4_5.csproj", "{E5BA6406-6EEB-4355-9A17-B03644487AE9}"
EndProject
Project("{FAE04EC0-301F-11D3-BF4B-00C04F79EFBC}") = "Problem4_6", "Problem4_6\Problem4_6.csproj", "{3BDD6353-D772-4B18-975D-1D5DEEA69EC3}"
EndProject
Project("{FAE04EC0-301F-11D3-BF4B-00C04F79EFBC}") = "Problem4_7", "Problem4_7\Problem4_7.csproj", "{8D96A1DA-00EE-497A-B2ED-D5EA5DA658B1}"
EndProject
Project("{FAE04EC0-301F-11D3-BF4B-00C04F79EFBC}") = "Problem4_8", "Problem4_8\Problem4_8.csproj", "{64F08290-AC2D-4F85-AAF9-065267398E98}"
EndProject
Project("{FAE04EC0-301F-11D3-BF4B-00C04F79EFBC}") = "Problem4_9", "Problem4_9\Problem4_9.csproj", "{B5F9E37A-E798-4DA5-89B7-774DE7CA6850}"
EndProject
Project("{FAE04EC0-301F-11D3-BF4B-00C04F79EFBC}") = "Problem4_10", "Problem4_10\Problem4_10.csproj", "{F05A5696-7A87-4F12-80F1-08D144944172}"
EndProject
Project("{FAE04EC0-301F-11D3-BF4B-00C04F79EFBC}") = "Problem4_11", "Problem4_11\Problem4_11.csproj", "{FB872E8F-5131-4348-A10E-A073969AA76A}"
EndProject
Project("{FAE04EC0-301F-11D3-BF4B-00C04F79EFBC}") = "Problem4_12", "Problem4_12\Problem4_12.csproj", "{0185661B-D068-4DC9-921E-76F501E051CA}"
EndProject
Project("{FAE04EC0-301F-11D3-BF4B-00C04F79EFBC}") = "Problem4_13", "Problem4_13\Problem4_13.csproj", "{90CCA4B0-0790-42CF-AB99-8B962707D0E6}"
EndProject
Project("{FAE04EC0-301F-11D3-BF4B-00C04F79EFBC}") = "Problem4_14", "Problem4_14\Problem4_14.csproj", "{3A8BD112-AFDD-4FF6-8756-120D3032319D}"
EndProject
Project("{FAE04EC0-301F-11D3-BF4B-00C04F79EFBC}") = "Problem4_15", "Problem4_15\Problem4_15.csproj", "{B843CB19-301D-42B1-935B-754564F448B6}"
EndProject
Project("{FAE04EC0-301F-11D3-BF4B-00C04F79EFBC}") = "Problem4_16", "Problem4_16\Problem4_16.csproj", "{0016B869-A827-4769-A428-FCD6B29D3978}"
EndProject
Project("{FAE04EC0-301F-11D3-BF4B-00C04F79EFBC}") = "Problem4_17", "Problem4_17\Problem4_17.csproj", "{2E9AE6BB-08FC-42E6-93C7-08C95CE942F3}"
EndProject
Project("{FAE04EC0-301F-11D3-BF4B-00C04F79EFBC}") = "Problem4_18", "Problem4_18\Problem4_18.csproj", "{0C3CC434-A7BB-4E4A-83C0-BFA01208A10A}"
EndProject
Project("{2150E333-8FDC-42A3-9474-1A3956D46DE8}") = "basic4day", "basic4day", "{96477489-DB72-455A-B435-9A3386F358C6}"
EndProject
Project("{2150E333-8FDC-42A3-9474-1A3956D46DE8}") = "basic5day", "basic5day", "{7BDBACAA-101B-4E30-8A9C-76C5297822F0}"
EndProject
Project("{FAE04EC0-301F-11D3-BF4B-00C04F79EFBC}") = "Problem5_1", "Problem5_1\Problem5_1.csproj", "{704AA0F5-2418-40BB-BFE0-B1ECD53B0605}"
EndProject
Project("{FAE04EC0-301F-11D3-BF4B-00C04F79EFBC}") = "Problem5_2", "Problem5_2\Problem5_2.csproj", "{06644F1F-FB03-46C9-84F6-4686316B086C}"
EndProject
Project("{FAE04EC0-301F-11D3-BF4B-00C04F79EFBC}") = "Problem5_3", "Problem5_3\Problem5_3.csproj", "{AF8DA13D-46BF-403F-BC3E-B7CCFB77392B}"
EndProject
Project("{FAE04EC0-301F-11D3-BF4B-00C04F79EFBC}") = "Problem5_4", "Problem5_4\Problem5_4.csproj", "{991EB0CB-EB7E-44FD-9850-469E6A69C8C6}"
EndProject
Project("{FAE04EC0-301F-11D3-BF4B-00C04F79EFBC}") = "Problem5_5", "Problem5_5\Problem5_5.csproj", "{8223C668-C193-4A45-A05D-8F174613CE4F}"
EndProject
Project("{FAE04EC0-301F-11D3-BF4B-00C04F79EFBC}") = "Problem5_6", "Problem5_6\Problem5_6.csproj", "{3330E68C-9611-4168-AAB3-FA9D93A2A890}"
EndProject
Project("{FAE04EC0-301F-11D3-BF4B-00C04F79EFBC}") = "Problem5_7", "Problem5_7\Problem5_7.csproj", "{D55F7650-3EB2-4254-AE58-2A6C5234619A}"
EndProject
Project("{FAE04EC0-301F-11D3-BF4B-00C04F79EFBC}") = "Problem5_8", "Problem5_8\Problem5_8.csproj", "{F6E695DA-88AF-4124-96BF-708C2A3366C1}"
EndProject
Project("{FAE04EC0-301F-11D3-BF4B-00C04F79EFBC}") = "Problem5_9", "Problem5_9\Problem5_9.csproj", "{A0303CBD-7D5C-411F-A4F0-3448F9C21503}"
EndProject
Project("{FAE04EC0-301F-11D3-BF4B-00C04F79EFBC}") = "Problem5_10", "Problem5_10\Problem5_10.csproj", "{423F76C5-41DC-4DD1-AFA5-B7032179645D}"
EndProject
Project("{FAE04EC0-301F-11D3-BF4B-00C04F79EFBC}") = "Problem5_11", "Problem5_11\Problem5_11.csproj", "{D0DBC743-A607-44EB-8062-1F18F8349394}"
EndProject
Project("{FAE04EC0-301F-11D3-BF4B-00C04F79EFBC}") = "Problem5_12", "Problem5_12\Problem5_12.csproj", "{D4AFC35D-C973-4032-BC8A-9302DB726713}"
EndProject
Project("{FAE04EC0-301F-11D3-BF4B-00C04F79EFBC}") = "Problem5_13", "Problem5_13\Problem5_13.csproj", "{371B6D2A-1903-409E-9E3D-352198CC4D64}"
EndProject
Project("{2150E333-8FDC-42A3-9474-1A3956D46DE8}") = "basic6day", "basic6day", "{E1DE0530-EB55-434F-848B-92DC92814695}"
EndProject
Project("{FAE04EC0-301F-11D3-BF4B-00C04F79EFBC}") = "Problem6_1", "Problem6_1\Problem6_1.csproj", "{959B2A19-E253-4F5F-901B-192F173214AB}"
EndProject
Project("{FAE04EC0-301F-11D3-BF4B-00C04F79EFBC}") = "Problem6_2", "Problem6_2\Problem6_2.csproj", "{E0319D14-9F65-45FA-B37A-98AC055D0991}"
EndProject
Project("{FAE04EC0-301F-11D3-BF4B-00C04F79EFBC}") = "Problem6_3", "Problem6_3\Problem6_3.csproj", "{88FD7487-25FB-4435-A365-4D58ED664CB1}"
EndProject
Project("{2150E333-8FDC-42A3-9474-1A3956D46DE8}") = "basic7day", "basic7day", "{5C0C8A8F-2805-4EF9-8B76-4FCAF08AD31E}"
EndProject
Project("{FAE04EC0-301F-11D3-BF4B-00C04F79EFBC}") = "Problem7_1", "Problem7_1\Problem7_1.csproj", "{2F69089D-8314-488C-926C-1A89060CD683}"
EndProject
Project("{FAE04EC0-301F-11D3-BF4B-00C04F79EFBC}") = "Problem7_2", "Problem7_2\Problem7_2.csproj", "{0AB57C4E-0B29-4D27-AFBD-51E208D879F5}"
EndProject
Project("{FAE04EC0-301F-11D3-BF4B-00C04F79EFBC}") = "Problem7_3", "Problem7_3\Problem7_3.csproj", "{56997060-E2C0-43CA-8ECE-DC57A61564C3}"
EndProject
Project("{2150E333-8FDC-42A3-9474-1A3956D46DE8}") = "basic8day", "basic8day", "{A00B5E98-9756-4171-8F7A-0B02E1DBBC84}"
EndProject
Project("{FAE04EC0-301F-11D3-BF4B-00C04F79EFBC}") = "Problem8_1", "Problem8_1\Problem8_1.csproj", "{7DA456A2-740A-4D3E-BB75-3B6EB121AB02}"
EndProject
Project("{FAE04EC0-301F-11D3-BF4B-00C04F79EFBC}") = "Problem8_2", "Problem8_2\Problem8_2.csproj", "{61D102F4-617A-4D4C-8855-4E42475E2EDB}"
EndProject
Project("{FAE04EC0-301F-11D3-BF4B-00C04F79EFBC}") = "Problem8_3", "Problem8_3\Problem8_3.csproj", "{817F879B-39B8-4165-8186-013EA7A9E1A9}"
EndProject
Project("{FAE04EC0-301F-11D3-BF4B-00C04F79EFBC}") = "Problem8_4", "Problem8_4\Problem8_4.csproj", "{D8FBFAEE-DA34-489A-9C03-E28143B6C591}"
EndProject
Project("{FAE04EC0-301F-11D3-BF4B-00C04F79EFBC}") = "Problem8_5", "Problem8_5\Problem8_5.csproj", "{142A6028-2260-4BB3-9D2D-7205835BFAA1}"
EndProject
Project("{FAE04EC0-301F-11D3-BF4B-00C04F79EFBC}") = "Problem8_6", "Problem8_6\Problem8_6.csproj", "{B153AE6A-18BA-47CD-B235-460B736E6F6C}"
EndProject
Project("{FAE04EC0-301F-11D3-BF4B-00C04F79EFBC}") = "Problem8_7", "Problem8_7\Problem8_7.csproj", "{1E77770F-415F-425A-9E73-2F85530CC744}"
EndProject
Project("{FAE04EC0-301F-11D3-BF4B-00C04F79EFBC}") = "Problem8_8", "Problem8_8\Problem8_8.csproj", "{DFB693EC-8328-41E5-AE19-E1C789367E3C}"
EndProject
Project("{FAE04EC0-301F-11D3-BF4B-00C04F79EFBC}") = "Problem8_9", "Problem8_9\Problem8_9.csproj", "{DE1EF8AD-2A0A-423E-9178-6B1008979B0C}"
EndProject
Project("{FAE04EC0-301F-11D3-BF4B-00C04F79EFBC}") = "Problem8_10", "Problem8_10\Problem8_10.csproj", "{1DE57E24-30FF-4F0A-9E1D-766442B27608}"
EndProject
Project("{FAE04EC0-301F-11D3-BF4B-00C04F79EFBC}") = "Problem8_11", "Problem8_11\Problem8_11.csproj", "{39DDBB23-9F55-4282-8EF5-7DC548C06D49}"
EndProject
Project("{FAE04EC0-301F-11D3-BF4B-00C04F79EFBC}") = "Problem8_12", "Problem8_12\Problem8_12.csproj", "{5536E50F-6A9B-4AA1-975F-F59F852E05C4}"
EndProject
Project("{FAE04EC0-301F-11D3-BF4B-00C04F79EFBC}") = "Problem8_13", "Problem8_13\Problem8_13.csproj", "{67405956-47E4-4EDE-95E3-2377E4F1701F}"
EndProject
Project("{FAE04EC0-301F-11D3-BF4B-00C04F79EFBC}") = "Problem8_14", "Problem8_14\Problem8_14.csproj", "{C8DED8A2-2F81-4506-B79A-142A68D9FE21}"
EndProject
Project("{FAE04EC0-301F-11D3-BF4B-00C04F79EFBC}") = "Problem8_15", "Problem8_15\Problem8_15.csproj", "{C8123072-50AD-4042-AE01-8396B13BE51C}"
EndProject
Project("{FAE04EC0-301F-11D3-BF4B-00C04F79EFBC}") = "Problem8_16", "Problem8_16\Problem8_16.csproj", "{F0731C28-BDF5-43AA-81A0-81316E17F9B4}"
EndProject
Project("{FAE04EC0-301F-11D3-BF4B-00C04F79EFBC}") = "Problem8_17", "Problem8_17\Problem8_17.csproj", "{CA47E652-75D7-4B0B-A1BC-168D913F4B91}"
EndProject
Project("{FAE04EC0-301F-11D3-BF4B-00C04F79EFBC}") = "Problem8_18", "Problem8_18\Problem8_18.csproj", "{8D2904EE-4545-40B8-9199-E4DE3039479A}"
EndProject
Global
	GlobalSection(SolutionConfigurationPlatforms) = preSolution
		Debug|Any CPU = Debug|Any CPU
		Release|Any CPU = Release|Any CPU
	EndGlobalSection
	GlobalSection(ProjectConfigurationPlatforms) = postSolution
		{921B8D93-6A75-4C2A-B321-B7841BEAF4AC}.Debug|Any CPU.ActiveCfg = Debug|Any CPU
		{921B8D93-6A75-4C2A-B321-B7841BEAF4AC}.Debug|Any CPU.Build.0 = Debug|Any CPU
		{921B8D93-6A75-4C2A-B321-B7841BEAF4AC}.Release|Any CPU.ActiveCfg = Release|Any CPU
		{921B8D93-6A75-4C2A-B321-B7841BEAF4AC}.Release|Any CPU.Build.0 = Release|Any CPU
		{075A197E-C317-441B-BF9E-213841A14416}.Debug|Any CPU.ActiveCfg = Debug|Any CPU
		{075A197E-C317-441B-BF9E-213841A14416}.Debug|Any CPU.Build.0 = Debug|Any CPU
		{075A197E-C317-441B-BF9E-213841A14416}.Release|Any CPU.ActiveCfg = Release|Any CPU
		{075A197E-C317-441B-BF9E-213841A14416}.Release|Any CPU.Build.0 = Release|Any CPU
		{17517C0B-7CBB-489E-B777-24C63C9B58CB}.Debug|Any CPU.ActiveCfg = Debug|Any CPU
		{17517C0B-7CBB-489E-B777-24C63C9B58CB}.Debug|Any CPU.Build.0 = Debug|Any CPU
		{17517C0B-7CBB-489E-B777-24C63C9B58CB}.Release|Any CPU.ActiveCfg = Release|Any CPU
		{17517C0B-7CBB-489E-B777-24C63C9B58CB}.Release|Any CPU.Build.0 = Release|Any CPU
		{072B6033-CE13-40BB-B5DF-7227BEA811F3}.Debug|Any CPU.ActiveCfg = Debug|Any CPU
		{072B6033-CE13-40BB-B5DF-7227BEA811F3}.Debug|Any CPU.Build.0 = Debug|Any CPU
		{072B6033-CE13-40BB-B5DF-7227BEA811F3}.Release|Any CPU.ActiveCfg = Release|Any CPU
		{072B6033-CE13-40BB-B5DF-7227BEA811F3}.Release|Any CPU.Build.0 = Release|Any CPU
		{E5BA6406-6EEB-4355-9A17-B03644487AE9}.Debug|Any CPU.ActiveCfg = Debug|Any CPU
		{E5BA6406-6EEB-4355-9A17-B03644487AE9}.Debug|Any CPU.Build.0 = Debug|Any CPU
		{E5BA6406-6EEB-4355-9A17-B03644487AE9}.Release|Any CPU.ActiveCfg = Release|Any CPU
		{E5BA6406-6EEB-4355-9A17-B03644487AE9}.Release|Any CPU.Build.0 = Release|Any CPU
		{3BDD6353-D772-4B18-975D-1D5DEEA69EC3}.Debug|Any CPU.ActiveCfg = Debug|Any CPU
		{3BDD6353-D772-4B18-975D-1D5DEEA69EC3}.Debug|Any CPU.Build.0 = Debug|Any CPU
		{3BDD6353-D772-4B18-975D-1D5DEEA69EC3}.Release|Any CPU.ActiveCfg = Release|Any CPU
		{3BDD6353-D772-4B18-975D-1D5DEEA69EC3}.Release|Any CPU.Build.0 = Release|Any CPU
		{8D96A1DA-00EE-497A-B2ED-D5EA5DA658B1}.Debug|Any CPU.ActiveCfg = Debug|Any CPU
		{8D96A1DA-00EE-497A-B2ED-D5EA5DA658B1}.Debug|Any CPU.Build.0 = Debug|Any CPU
		{8D96A1DA-00EE-497A-B2ED-D5EA5DA658B1}.Release|Any CPU.ActiveCfg = Release|Any CPU
		{8D96A1DA-00EE-497A-B2ED-D5EA5DA658B1}.Release|Any CPU.Build.0 = Release|Any CPU
		{64F08290-AC2D-4F85-AAF9-065267398E98}.Debug|Any CPU.ActiveCfg = Debug|Any CPU
		{64F08290-AC2D-4F85-AAF9-065267398E98}.Debug|Any CPU.Build.0 = Debug|Any CPU
		{64F08290-AC2D-4F85-AAF9-065267398E98}.Release|Any CPU.ActiveCfg = Release|Any CPU
		{64F08290-AC2D-4F85-AAF9-065267398E98}.Release|Any CPU.Build.0 = Release|Any CPU
		{B5F9E37A-E798-4DA5-89B7-774DE7CA6850}.Debug|Any CPU.ActiveCfg = Debug|Any CPU
		{B5F9E37A-E798-4DA5-89B7-774DE7CA6850}.Debug|Any CPU.Build.0 = Debug|Any CPU
		{B5F9E37A-E798-4DA5-89B7-774DE7CA6850}.Release|Any CPU.ActiveCfg = Release|Any CPU
		{B5F9E37A-E798-4DA5-89B7-774DE7CA6850}.Release|Any CPU.Build.0 = Release|Any CPU
		{F05A5696-7A87-4F12-80F1-08D144944172}.Debug|Any CPU.ActiveCfg = Debug|Any CPU
		{F05A5696-7A87-4F12-80F1-08D144944172}.Debug|Any CPU.Build.0 = Debug|Any CPU
		{F05A5696-7A87-4F12-80F1-08D144944172}.Release|Any CPU.ActiveCfg = Release|Any CPU
		{F05A5696-7A87-4F12-80F1-08D144944172}.Release|Any CPU.Build.0 = Release|Any CPU
		{FB872E8F-5131-4348-A10E-A073969AA76A}.Debug|Any CPU.ActiveCfg = Debug|Any CPU
		{FB872E8F-5131-4348-A10E-A073969AA76A}.Debug|Any CPU.Build.0 = Debug|Any CPU
		{FB872E8F-5131-4348-A10E-A073969AA76A}.Release|Any CPU.ActiveCfg = Release|Any CPU
		{FB872E8F-5131-4348-A10E-A073969AA76A}.Release|Any CPU.Build.0 = Release|Any CPU
		{0185661B-D068-4DC9-921E-76F501E051CA}.Debug|Any CPU.ActiveCfg = Debug|Any CPU
		{0185661B-D068-4DC9-921E-76F501E051CA}.Debug|Any CPU.Build.0 = Debug|Any CPU
		{0185661B-D068-4DC9-921E-76F501E051CA}.Release|Any CPU.ActiveCfg = Release|Any CPU
		{0185661B-D068-4DC9-921E-76F501E051CA}.Release|Any CPU.Build.0 = Release|Any CPU
		{90CCA4B0-0790-42CF-AB99-8B962707D0E6}.Debug|Any CPU.ActiveCfg = Debug|Any CPU
		{90CCA4B0-0790-42CF-AB99-8B962707D0E6}.Debug|Any CPU.Build.0 = Debug|Any CPU
		{90CCA4B0-0790-42CF-AB99-8B962707D0E6}.Release|Any CPU.ActiveCfg = Release|Any CPU
		{90CCA4B0-0790-42CF-AB99-8B962707D0E6}.Release|Any CPU.Build.0 = Release|Any CPU
		{3A8BD112-AFDD-4FF6-8756-120D3032319D}.Debug|Any CPU.ActiveCfg = Debug|Any CPU
		{3A8BD112-AFDD-4FF6-8756-120D3032319D}.Debug|Any CPU.Build.0 = Debug|Any CPU
		{3A8BD112-AFDD-4FF6-8756-120D3032319D}.Release|Any CPU.ActiveCfg = Release|Any CPU
		{3A8BD112-AFDD-4FF6-8756-120D3032319D}.Release|Any CPU.Build.0 = Release|Any CPU
		{B843CB19-301D-42B1-935B-754564F448B6}.Debug|Any CPU.ActiveCfg = Debug|Any CPU
		{B843CB19-301D-42B1-935B-754564F448B6}.Debug|Any CPU.Build.0 = Debug|Any CPU
		{B843CB19-301D-42B1-935B-754564F448B6}.Release|Any CPU.ActiveCfg = Release|Any CPU
		{B843CB19-301D-42B1-935B-754564F448B6}.Release|Any CPU.Build.0 = Release|Any CPU
		{0016B869-A827-4769-A428-FCD6B29D3978}.Debug|Any CPU.ActiveCfg = Debug|Any CPU
		{0016B869-A827-4769-A428-FCD6B29D3978}.Debug|Any CPU.Build.0 = Debug|Any CPU
		{0016B869-A827-4769-A428-FCD6B29D3978}.Release|Any CPU.ActiveCfg = Release|Any CPU
		{0016B869-A827-4769-A428-FCD6B29D3978}.Release|Any CPU.Build.0 = Release|Any CPU
		{2E9AE6BB-08FC-42E6-93C7-08C95CE942F3}.Debug|Any CPU.ActiveCfg = Debug|Any CPU
		{2E9AE6BB-08FC-42E6-93C7-08C95CE942F3}.Debug|Any CPU.Build.0 = Debug|Any CPU
		{2E9AE6BB-08FC-42E6-93C7-08C95CE942F3}.Release|Any CPU.ActiveCfg = Release|Any CPU
		{2E9AE6BB-08FC-42E6-93C7-08C95CE942F3}.Release|Any CPU.Build.0 = Release|Any CPU
		{0C3CC434-A7BB-4E4A-83C0-BFA01208A10A}.Debug|Any CPU.ActiveCfg = Debug|Any CPU
		{0C3CC434-A7BB-4E4A-83C0-BFA01208A10A}.Debug|Any CPU.Build.0 = Debug|Any CPU
		{0C3CC434-A7BB-4E4A-83C0-BFA01208A10A}.Release|Any CPU.ActiveCfg = Release|Any CPU
		{0C3CC434-A7BB-4E4A-83C0-BFA01208A10A}.Release|Any CPU.Build.0 = Release|Any CPU
		{704AA0F5-2418-40BB-BFE0-B1ECD53B0605}.Debug|Any CPU.ActiveCfg = Debug|Any CPU
		{704AA0F5-2418-40BB-BFE0-B1ECD53B0605}.Debug|Any CPU.Build.0 = Debug|Any CPU
		{704AA0F5-2418-40BB-BFE0-B1ECD53B0605}.Release|Any CPU.ActiveCfg = Release|Any CPU
		{704AA0F5-2418-40BB-BFE0-B1ECD53B0605}.Release|Any CPU.Build.0 = Release|Any CPU
		{06644F1F-FB03-46C9-84F6-4686316B086C}.Debug|Any CPU.ActiveCfg = Debug|Any CPU
		{06644F1F-FB03-46C9-84F6-4686316B086C}.Debug|Any CPU.Build.0 = Debug|Any CPU
		{06644F1F-FB03-46C9-84F6-4686316B086C}.Release|Any CPU.ActiveCfg = Release|Any CPU
		{06644F1F-FB03-46C9-84F6-4686316B086C}.Release|Any CPU.Build.0 = Release|Any CPU
		{AF8DA13D-46BF-403F-BC3E-B7CCFB77392B}.Debug|Any CPU.ActiveCfg = Debug|Any CPU
		{AF8DA13D-46BF-403F-BC3E-B7CCFB77392B}.Debug|Any CPU.Build.0 = Debug|Any CPU
		{AF8DA13D-46BF-403F-BC3E-B7CCFB77392B}.Release|Any CPU.ActiveCfg = Release|Any CPU
		{AF8DA13D-46BF-403F-BC3E-B7CCFB77392B}.Release|Any CPU.Build.0 = Release|Any CPU
		{991EB0CB-EB7E-44FD-9850-469E6A69C8C6}.Debug|Any CPU.ActiveCfg = Debug|Any CPU
		{991EB0CB-EB7E-44FD-9850-469E6A69C8C6}.Debug|Any CPU.Build.0 = Debug|Any CPU
		{991EB0CB-EB7E-44FD-9850-469E6A69C8C6}.Release|Any CPU.ActiveCfg = Release|Any CPU
		{991EB0CB-EB7E-44FD-9850-469E6A69C8C6}.Release|Any CPU.Build.0 = Release|Any CPU
		{8223C668-C193-4A45-A05D-8F174613CE4F}.Debug|Any CPU.ActiveCfg = Debug|Any CPU
		{8223C668-C193-4A45-A05D-8F174613CE4F}.Debug|Any CPU.Build.0 = Debug|Any CPU
		{8223C668-C193-4A45-A05D-8F174613CE4F}.Release|Any CPU.ActiveCfg = Release|Any CPU
		{8223C668-C193-4A45-A05D-8F174613CE4F}.Release|Any CPU.Build.0 = Release|Any CPU
		{3330E68C-9611-4168-AAB3-FA9D93A2A890}.Debug|Any CPU.ActiveCfg = Debug|Any CPU
		{3330E68C-9611-4168-AAB3-FA9D93A2A890}.Debug|Any CPU.Build.0 = Debug|Any CPU
		{3330E68C-9611-4168-AAB3-FA9D93A2A890}.Release|Any CPU.ActiveCfg = Release|Any CPU
		{3330E68C-9611-4168-AAB3-FA9D93A2A890}.Release|Any CPU.Build.0 = Release|Any CPU
		{D55F7650-3EB2-4254-AE58-2A6C5234619A}.Debug|Any CPU.ActiveCfg = Debug|Any CPU
		{D55F7650-3EB2-4254-AE58-2A6C5234619A}.Debug|Any CPU.Build.0 = Debug|Any CPU
		{D55F7650-3EB2-4254-AE58-2A6C5234619A}.Release|Any CPU.ActiveCfg = Release|Any CPU
		{D55F7650-3EB2-4254-AE58-2A6C5234619A}.Release|Any CPU.Build.0 = Release|Any CPU
		{F6E695DA-88AF-4124-96BF-708C2A3366C1}.Debug|Any CPU.ActiveCfg = Debug|Any CPU
		{F6E695DA-88AF-4124-96BF-708C2A3366C1}.Debug|Any CPU.Build.0 = Debug|Any CPU
		{F6E695DA-88AF-4124-96BF-708C2A3366C1}.Release|Any CPU.ActiveCfg = Release|Any CPU
		{F6E695DA-88AF-4124-96BF-708C2A3366C1}.Release|Any CPU.Build.0 = Release|Any CPU
		{A0303CBD-7D5C-411F-A4F0-3448F9C21503}.Debug|Any CPU.ActiveCfg = Debug|Any CPU
		{A0303CBD-7D5C-411F-A4F0-3448F9C21503}.Debug|Any CPU.Build.0 = Debug|Any CPU
		{A0303CBD-7D5C-411F-A4F0-3448F9C21503}.Release|Any CPU.ActiveCfg = Release|Any CPU
		{A0303CBD-7D5C-411F-A4F0-3448F9C21503}.Release|Any CPU.Build.0 = Release|Any CPU
		{423F76C5-41DC-4DD1-AFA5-B7032179645D}.Debug|Any CPU.ActiveCfg = Debug|Any CPU
		{423F76C5-41DC-4DD1-AFA5-B7032179645D}.Debug|Any CPU.Build.0 = Debug|Any CPU
		{423F76C5-41DC-4DD1-AFA5-B7032179645D}.Release|Any CPU.ActiveCfg = Release|Any CPU
		{423F76C5-41DC-4DD1-AFA5-B7032179645D}.Release|Any CPU.Build.0 = Release|Any CPU
		{D0DBC743-A607-44EB-8062-1F18F8349394}.Debug|Any CPU.ActiveCfg = Debug|Any CPU
		{D0DBC743-A607-44EB-8062-1F18F8349394}.Debug|Any CPU.Build.0 = Debug|Any CPU
		{D0DBC743-A607-44EB-8062-1F18F8349394}.Release|Any CPU.ActiveCfg = Release|Any CPU
		{D0DBC743-A607-44EB-8062-1F18F8349394}.Release|Any CPU.Build.0 = Release|Any CPU
		{D4AFC35D-C973-4032-BC8A-9302DB726713}.Debug|Any CPU.ActiveCfg = Debug|Any CPU
		{D4AFC35D-C973-4032-BC8A-9302DB726713}.Debug|Any CPU.Build.0 = Debug|Any CPU
		{D4AFC35D-C973-4032-BC8A-9302DB726713}.Release|Any CPU.ActiveCfg = Release|Any CPU
		{D4AFC35D-C973-4032-BC8A-9302DB726713}.Release|Any CPU.Build.0 = Release|Any CPU
		{371B6D2A-1903-409E-9E3D-352198CC4D64}.Debug|Any CPU.ActiveCfg = Debug|Any CPU
		{371B6D2A-1903-409E-9E3D-352198CC4D64}.Debug|Any CPU.Build.0 = Debug|Any CPU
		{371B6D2A-1903-409E-9E3D-352198CC4D64}.Release|Any CPU.ActiveCfg = Release|Any CPU
		{371B6D2A-1903-409E-9E3D-352198CC4D64}.Release|Any CPU.Build.0 = Release|Any CPU
		{959B2A19-E253-4F5F-901B-192F173214AB}.Debug|Any CPU.ActiveCfg = Debug|Any CPU
		{959B2A19-E253-4F5F-901B-192F173214AB}.Debug|Any CPU.Build.0 = Debug|Any CPU
		{959B2A19-E253-4F5F-901B-192F173214AB}.Release|Any CPU.ActiveCfg = Release|Any CPU
		{959B2A19-E253-4F5F-901B-192F173214AB}.Release|Any CPU.Build.0 = Release|Any CPU
		{E0319D14-9F65-45FA-B37A-98AC055D0991}.Debug|Any CPU.ActiveCfg = Debug|Any CPU
		{E0319D14-9F65-45FA-B37A-98AC055D0991}.Debug|Any CPU.Build.0 = Debug|Any CPU
		{E0319D14-9F65-45FA-B37A-98AC055D0991}.Release|Any CPU.ActiveCfg = Release|Any CPU
		{E0319D14-9F65-45FA-B37A-98AC055D0991}.Release|Any CPU.Build.0 = Release|Any CPU
		{88FD7487-25FB-4435-A365-4D58ED664CB1}.Debug|Any CPU.ActiveCfg = Debug|Any CPU
		{88FD7487-25FB-4435-A365-4D58ED664CB1}.Debug|Any CPU.Build.0 = Debug|Any CPU
		{88FD7487-25FB-4435-A365-4D58ED664CB1}.Release|Any CPU.ActiveCfg = Release|Any CPU
		{88FD7487-25FB-4435-A365-4D58ED664CB1}.Release|Any CPU.Build.0 = Release|Any CPU
		{2F69089D-8314-488C-926C-1A89060CD683}.Debug|Any CPU.ActiveCfg = Debug|Any CPU
		{2F69089D-8314-488C-926C-1A89060CD683}.Debug|Any CPU.Build.0 = Debug|Any CPU
		{2F69089D-8314-488C-926C-1A89060CD683}.Release|Any CPU.ActiveCfg = Release|Any CPU
		{2F69089D-8314-488C-926C-1A89060CD683}.Release|Any CPU.Build.0 = Release|Any CPU
		{0AB57C4E-0B29-4D27-AFBD-51E208D879F5}.Debug|Any CPU.ActiveCfg = Debug|Any CPU
		{0AB57C4E-0B29-4D27-AFBD-51E208D879F5}.Debug|Any CPU.Build.0 = Debug|Any CPU
		{0AB57C4E-0B29-4D27-AFBD-51E208D879F5}.Release|Any CPU.ActiveCfg = Release|Any CPU
		{0AB57C4E-0B29-4D27-AFBD-51E208D879F5}.Release|Any CPU.Build.0 = Release|Any CPU
		{56997060-E2C0-43CA-8ECE-DC57A61564C3}.Debug|Any CPU.ActiveCfg = Debug|Any CPU
		{56997060-E2C0-43CA-8ECE-DC57A61564C3}.Debug|Any CPU.Build.0 = Debug|Any CPU
		{56997060-E2C0-43CA-8ECE-DC57A61564C3}.Release|Any CPU.ActiveCfg = Release|Any CPU
		{56997060-E2C0-43CA-8ECE-DC57A61564C3}.Release|Any CPU.Build.0 = Release|Any CPU
		{7DA456A2-740A-4D3E-BB75-3B6EB121AB02}.Debug|Any CPU.ActiveCfg = Debug|Any CPU
		{7DA456A2-740A-4D3E-BB75-3B6EB121AB02}.Debug|Any CPU.Build.0 = Debug|Any CPU
		{7DA456A2-740A-4D3E-BB75-3B6EB121AB02}.Release|Any CPU.ActiveCfg = Release|Any CPU
		{7DA456A2-740A-4D3E-BB75-3B6EB121AB02}.Release|Any CPU.Build.0 = Release|Any CPU
		{61D102F4-617A-4D4C-8855-4E42475E2EDB}.Debug|Any CPU.ActiveCfg = Debug|Any CPU
		{61D102F4-617A-4D4C-8855-4E42475E2EDB}.Debug|Any CPU.Build.0 = Debug|Any CPU
		{61D102F4-617A-4D4C-8855-4E42475E2EDB}.Release|Any CPU.ActiveCfg = Release|Any CPU
		{61D102F4-617A-4D4C-8855-4E42475E2EDB}.Release|Any CPU.Build.0 = Release|Any CPU
		{817F879B-39B8-4165-8186-013EA7A9E1A9}.Debug|Any CPU.ActiveCfg = Debug|Any CPU
		{817F879B-39B8-4165-8186-013EA7A9E1A9}.Debug|Any CPU.Build.0 = Debug|Any CPU
		{817F879B-39B8-4165-8186-013EA7A9E1A9}.Release|Any CPU.ActiveCfg = Release|Any CPU
		{817F879B-39B8-4165-8186-013EA7A9E1A9}.Release|Any CPU.Build.0 = Release|Any CPU
		{D8FBFAEE-DA34-489A-9C03-E28143B6C591}.Debug|Any CPU.ActiveCfg = Debug|Any CPU
		{D8FBFAEE-DA34-489A-9C03-E28143B6C591}.Debug|Any CPU.Build.0 = Debug|Any CPU
		{D8FBFAEE-DA34-489A-9C03-E28143B6C591}.Release|Any CPU.ActiveCfg = Release|Any CPU
		{D8FBFAEE-DA34-489A-9C03-E28143B6C591}.Release|Any CPU.Build.0 = Release|Any CPU
		{142A6028-2260-4BB3-9D2D-7205835BFAA1}.Debug|Any CPU.ActiveCfg = Debug|Any CPU
		{142A6028-2260-4BB3-9D2D-7205835BFAA1}.Debug|Any CPU.Build.0 = Debug|Any CPU
		{142A6028-2260-4BB3-9D2D-7205835BFAA1}.Release|Any CPU.ActiveCfg = Release|Any CPU
		{142A6028-2260-4BB3-9D2D-7205835BFAA1}.Release|Any CPU.Build.0 = Release|Any CPU
		{B153AE6A-18BA-47CD-B235-460B736E6F6C}.Debug|Any CPU.ActiveCfg = Debug|Any CPU
		{B153AE6A-18BA-47CD-B235-460B736E6F6C}.Debug|Any CPU.Build.0 = Debug|Any CPU
		{B153AE6A-18BA-47CD-B235-460B736E6F6C}.Release|Any CPU.ActiveCfg = Release|Any CPU
		{B153AE6A-18BA-47CD-B235-460B736E6F6C}.Release|Any CPU.Build.0 = Release|Any CPU
		{1E77770F-415F-425A-9E73-2F85530CC744}.Debug|Any CPU.ActiveCfg = Debug|Any CPU
		{1E77770F-415F-425A-9E73-2F85530CC744}.Debug|Any CPU.Build.0 = Debug|Any CPU
		{1E77770F-415F-425A-9E73-2F85530CC744}.Release|Any CPU.ActiveCfg = Release|Any CPU
		{1E77770F-415F-425A-9E73-2F85530CC744}.Release|Any CPU.Build.0 = Release|Any CPU
		{DFB693EC-8328-41E5-AE19-E1C789367E3C}.Debug|Any CPU.ActiveCfg = Debug|Any CPU
		{DFB693EC-8328-41E5-AE19-E1C789367E3C}.Debug|Any CPU.Build.0 = Debug|Any CPU
		{DFB693EC-8328-41E5-AE19-E1C789367E3C}.Release|Any CPU.ActiveCfg = Release|Any CPU
		{DFB693EC-8328-41E5-AE19-E1C789367E3C}.Release|Any CPU.Build.0 = Release|Any CPU
		{DE1EF8AD-2A0A-423E-9178-6B1008979B0C}.Debug|Any CPU.ActiveCfg = Debug|Any CPU
		{DE1EF8AD-2A0A-423E-9178-6B1008979B0C}.Debug|Any CPU.Build.0 = Debug|Any CPU
		{DE1EF8AD-2A0A-423E-9178-6B1008979B0C}.Release|Any CPU.ActiveCfg = Release|Any CPU
		{DE1EF8AD-2A0A-423E-9178-6B1008979B0C}.Release|Any CPU.Build.0 = Release|Any CPU
		{1DE57E24-30FF-4F0A-9E1D-766442B27608}.Debug|Any CPU.ActiveCfg = Debug|Any CPU
		{1DE57E24-30FF-4F0A-9E1D-766442B27608}.Debug|Any CPU.Build.0 = Debug|Any CPU
		{1DE57E24-30FF-4F0A-9E1D-766442B27608}.Release|Any CPU.ActiveCfg = Release|Any CPU
		{1DE57E24-30FF-4F0A-9E1D-766442B27608}.Release|Any CPU.Build.0 = Release|Any CPU
		{39DDBB23-9F55-4282-8EF5-7DC548C06D49}.Debug|Any CPU.ActiveCfg = Debug|Any CPU
		{39DDBB23-9F55-4282-8EF5-7DC548C06D49}.Debug|Any CPU.Build.0 = Debug|Any CPU
		{39DDBB23-9F55-4282-8EF5-7DC548C06D49}.Release|Any CPU.ActiveCfg = Release|Any CPU
		{39DDBB23-9F55-4282-8EF5-7DC548C06D49}.Release|Any CPU.Build.0 = Release|Any CPU
		{5536E50F-6A9B-4AA1-975F-F59F852E05C4}.Debug|Any CPU.ActiveCfg = Debug|Any CPU
		{5536E50F-6A9B-4AA1-975F-F59F852E05C4}.Debug|Any CPU.Build.0 = Debug|Any CPU
		{5536E50F-6A9B-4AA1-975F-F59F852E05C4}.Release|Any CPU.ActiveCfg = Release|Any CPU
		{5536E50F-6A9B-4AA1-975F-F59F852E05C4}.Release|Any CPU.Build.0 = Release|Any CPU
		{67405956-47E4-4EDE-95E3-2377E4F1701F}.Debug|Any CPU.ActiveCfg = Debug|Any CPU
		{67405956-47E4-4EDE-95E3-2377E4F1701F}.Debug|Any CPU.Build.0 = Debug|Any CPU
		{67405956-47E4-4EDE-95E3-2377E4F1701F}.Release|Any CPU.ActiveCfg = Release|Any CPU
		{67405956-47E4-4EDE-95E3-2377E4F1701F}.Release|Any CPU.Build.0 = Release|Any CPU
		{C8DED8A2-2F81-4506-B79A-142A68D9FE21}.Debug|Any CPU.ActiveCfg = Debug|Any CPU
		{C8DED8A2-2F81-4506-B79A-142A68D9FE21}.Debug|Any CPU.Build.0 = Debug|Any CPU
		{C8DED8A2-2F81-4506-B79A-142A68D9FE21}.Release|Any CPU.ActiveCfg = Release|Any CPU
		{C8DED8A2-2F81-4506-B79A-142A68D9FE21}.Release|Any CPU.Build.0 = Release|Any CPU
		{C8123072-50AD-4042-AE01-8396B13BE51C}.Debug|Any CPU.ActiveCfg = Debug|Any CPU
		{C8123072-50AD-4042-AE01-8396B13BE51C}.Debug|Any CPU.Build.0 = Debug|Any CPU
		{C8123072-50AD-4042-AE01-8396B13BE51C}.Release|Any CPU.ActiveCfg = Release|Any CPU
		{C8123072-50AD-4042-AE01-8396B13BE51C}.Release|Any CPU.Build.0 = Release|Any CPU
		{F0731C28-BDF5-43AA-81A0-81316E17F9B4}.Debug|Any CPU.ActiveCfg = Debug|Any CPU
		{F0731C28-BDF5-43AA-81A0-81316E17F9B4}.Debug|Any CPU.Build.0 = Debug|Any CPU
		{F0731C28-BDF5-43AA-81A0-81316E17F9B4}.Release|Any CPU.ActiveCfg = Release|Any CPU
		{F0731C28-BDF5-43AA-81A0-81316E17F9B4}.Release|Any CPU.Build.0 = Release|Any CPU
		{CA47E652-75D7-4B0B-A1BC-168D913F4B91}.Debug|Any CPU.ActiveCfg = Debug|Any CPU
		{CA47E652-75D7-4B0B-A1BC-168D913F4B91}.Debug|Any CPU.Build.0 = Debug|Any CPU
		{CA47E652-75D7-4B0B-A1BC-168D913F4B91}.Release|Any CPU.ActiveCfg = Release|Any CPU
		{CA47E652-75D7-4B0B-A1BC-168D913F4B91}.Release|Any CPU.Build.0 = Release|Any CPU
		{8D2904EE-4545-40B8-9199-E4DE3039479A}.Debug|Any CPU.ActiveCfg = Debug|Any CPU
		{8D2904EE-4545-40B8-9199-E4DE3039479A}.Debug|Any CPU.Build.0 = Debug|Any CPU
		{8D2904EE-4545-40B8-9199-E4DE3039479A}.Release|Any CPU.ActiveCfg = Release|Any CPU
		{8D2904EE-4545-40B8-9199-E4DE3039479A}.Release|Any CPU.Build.0 = Release|Any CPU
	EndGlobalSection
	GlobalSection(SolutionProperties) = preSolution
		HideSolutionNode = FALSE
	EndGlobalSection
	GlobalSection(NestedProjects) = preSolution
		{921B8D93-6A75-4C2A-B321-B7841BEAF4AC} = {96477489-DB72-455A-B435-9A3386F358C6}
		{075A197E-C317-441B-BF9E-213841A14416} = {96477489-DB72-455A-B435-9A3386F358C6}
		{17517C0B-7CBB-489E-B777-24C63C9B58CB} = {96477489-DB72-455A-B435-9A3386F358C6}
		{072B6033-CE13-40BB-B5DF-7227BEA811F3} = {96477489-DB72-455A-B435-9A3386F358C6}
		{E5BA6406-6EEB-4355-9A17-B03644487AE9} = {96477489-DB72-455A-B435-9A3386F358C6}
		{3BDD6353-D772-4B18-975D-1D5DEEA69EC3} = {96477489-DB72-455A-B435-9A3386F358C6}
		{8D96A1DA-00EE-497A-B2ED-D5EA5DA658B1} = {96477489-DB72-455A-B435-9A3386F358C6}
		{64F08290-AC2D-4F85-AAF9-065267398E98} = {96477489-DB72-455A-B435-9A3386F358C6}
		{B5F9E37A-E798-4DA5-89B7-774DE7CA6850} = {96477489-DB72-455A-B435-9A3386F358C6}
		{F05A5696-7A87-4F12-80F1-08D144944172} = {96477489-DB72-455A-B435-9A3386F358C6}
		{FB872E8F-5131-4348-A10E-A073969AA76A} = {96477489-DB72-455A-B435-9A3386F358C6}
		{0185661B-D068-4DC9-921E-76F501E051CA} = {96477489-DB72-455A-B435-9A3386F358C6}
		{90CCA4B0-0790-42CF-AB99-8B962707D0E6} = {96477489-DB72-455A-B435-9A3386F358C6}
		{3A8BD112-AFDD-4FF6-8756-120D3032319D} = {96477489-DB72-455A-B435-9A3386F358C6}
		{B843CB19-301D-42B1-935B-754564F448B6} = {96477489-DB72-455A-B435-9A3386F358C6}
		{0016B869-A827-4769-A428-FCD6B29D3978} = {96477489-DB72-455A-B435-9A3386F358C6}
		{2E9AE6BB-08FC-42E6-93C7-08C95CE942F3} = {96477489-DB72-455A-B435-9A3386F358C6}
		{0C3CC434-A7BB-4E4A-83C0-BFA01208A10A} = {96477489-DB72-455A-B435-9A3386F358C6}
		{704AA0F5-2418-40BB-BFE0-B1ECD53B0605} = {7BDBACAA-101B-4E30-8A9C-76C5297822F0}
		{06644F1F-FB03-46C9-84F6-4686316B086C} = {7BDBACAA-101B-4E30-8A9C-76C5297822F0}
		{AF8DA13D-46BF-403F-BC3E-B7CCFB77392B} = {7BDBACAA-101B-4E30-8A9C-76C5297822F0}
		{991EB0CB-EB7E-44FD-9850-469E6A69C8C6} = {7BDBACAA-101B-4E30-8A9C-76C5297822F0}
		{8223C668-C193-4A45-A05D-8F174613CE4F} = {7BDBACAA-101B-4E30-8A9C-76C5297822F0}
		{3330E68C-9611-4168-AAB3-FA9D93A2A890} = {7BDBACAA-101B-4E30-8A9C-76C5297822F0}
		{D55F7650-3EB2-4254-AE58-2A6C5234619A} = {7BDBACAA-101B-4E30-8A9C-76C5297822F0}
		{F6E695DA-88AF-4124-96BF-708C2A3366C1} = {7BDBACAA-101B-4E30-8A9C-76C5297822F0}
		{A0303CBD-7D5C-411F-A4F0-3448F9C21503} = {7BDBACAA-101B-4E30-8A9C-76C5297822F0}
		{423F76C5-41DC-4DD1-AFA5-B7032179645D} = {7BDBACAA-101B-4E30-8A9C-76C5297822F0}
		{D0DBC743-A607-44EB-8062-1F18F8349394} = {7BDBACAA-101B-4E30-8A9C-76C5297822F0}
		{D4AFC35D-C973-4032-BC8A-9302DB726713} = {7BDBACAA-101B-4E30-8A9C-76C5297822F0}
		{371B6D2A-1903-409E-9E3D-352198CC4D64} = {7BDBACAA-101B-4E30-8A9C-76C5297822F0}
		{959B2A19-E253-4F5F-901B-192F173214AB} = {E1DE0530-EB55-434F-848B-92DC92814695}
		{E0319D14-9F65-45FA-B37A-98AC055D0991} = {E1DE0530-EB55-434F-848B-92DC92814695}
		{88FD7487-25FB-4435-A365-4D58ED664CB1} = {E1DE0530-EB55-434F-848B-92DC92814695}
		{2F69089D-8314-488C-926C-1A89060CD683} = {5C0C8A8F-2805-4EF9-8B76-4FCAF08AD31E}
		{0AB57C4E-0B29-4D27-AFBD-51E208D879F5} = {5C0C8A8F-2805-4EF9-8B76-4FCAF08AD31E}
		{56997060-E2C0-43CA-8ECE-DC57A61564C3} = {5C0C8A8F-2805-4EF9-8B76-4FCAF08AD31E}
		{7DA456A2-740A-4D3E-BB75-3B6EB121AB02} = {A00B5E98-9756-4171-8F7A-0B02E1DBBC84}
		{61D102F4-617A-4D4C-8855-4E42475E2EDB} = {A00B5E98-9756-4171-8F7A-0B02E1DBBC84}
		{817F879B-39B8-4165-8186-013EA7A9E1A9} = {A00B5E98-9756-4171-8F7A-0B02E1DBBC84}
		{D8FBFAEE-DA34-489A-9C03-E28143B6C591} = {A00B5E98-9756-4171-8F7A-0B02E1DBBC84}
		{142A6028-2260-4BB3-9D2D-7205835BFAA1} = {A00B5E98-9756-4171-8F7A-0B02E1DBBC84}
		{B153AE6A-18BA-47CD-B235-460B736E6F6C} = {A00B5E98-9756-4171-8F7A-0B02E1DBBC84}
		{1E77770F-415F-425A-9E73-2F85530CC744} = {A00B5E98-9756-4171-8F7A-0B02E1DBBC84}
		{DFB693EC-8328-41E5-AE19-E1C789367E3C} = {A00B5E98-9756-4171-8F7A-0B02E1DBBC84}
		{DE1EF8AD-2A0A-423E-9178-6B1008979B0C} = {A00B5E98-9756-4171-8F7A-0B02E1DBBC84}
		{1DE57E24-30FF-4F0A-9E1D-766442B27608} = {A00B5E98-9756-4171-8F7A-0B02E1DBBC84}
		{39DDBB23-9F55-4282-8EF5-7DC548C06D49} = {A00B5E98-9756-4171-8F7A-0B02E1DBBC84}
		{5536E50F-6A9B-4AA1-975F-F59F852E05C4} = {A00B5E98-9756-4171-8F7A-0B02E1DBBC84}
		{67405956-47E4-4EDE-95E3-2377E4F1701F} = {A00B5E98-9756-4171-8F7A-0B02E1DBBC84}
		{C8DED8A2-2F81-4506-B79A-142A68D9FE21} = {A00B5E98-9756-4171-8F7A-0B02E1DBBC84}
		{C8123072-50AD-4042-AE01-8396B13BE51C} = {A00B5E98-9756-4171-8F7A-0B02E1DBBC84}
		{F0731C28-BDF5-43AA-81A0-81316E17F9B4} = {A00B5E98-9756-4171-8F7A-0B02E1DBBC84}
		{CA47E652-75D7-4B0B-A1BC-168D913F4B91} = {A00B5E98-9756-4171-8F7A-0B02E1DBBC84}
		{8D2904EE-4545-40B8-9199-E4DE3039479A} = {A00B5E98-9756-4171-8F7A-0B02E1DBBC84}
	EndGlobalSection
	GlobalSection(ExtensibilityGlobals) = postSolution
		SolutionGuid = {358507FF-6659-4487-8DC1-3B6B04552F86}
	EndGlobalSection
EndGlobal
