
Microsoft Visual Studio Solution File, Format Version 12.00
# Visual Studio 15
VisualStudioVersion = 15.0.27004.2002
MinimumVisualStudioVersion = 10.0.40219.1
Project("{FAE04EC0-301F-11D3-BF4B-00C04F79EFBC}") = "Sample303", "Sample303\Sample303.csproj", "{A5F8B440-ACDF-4EB0-A404-6E9336122FCA}"
EndProject
Global
	GlobalSection(SolutionConfigurationPlatforms) = preSolution
		Debug|Any CPU = Debug|Any CPU
		Release|Any CPU = Release|Any CPU
	EndGlobalSection
	GlobalSection(ProjectConfigurationPlatforms) = postSolution
		{A5F8B440-ACDF-4EB0-A404-6E9336122FCA}.Debug|Any CPU.ActiveCfg = Debug|Any CPU
		{A5F8B440-ACDF-4EB0-A404-6E9336122FCA}.Debug|Any CPU.Build.0 = Debug|Any CPU
		{A5F8B440-ACDF-4EB0-A404-6E9336122FCA}.Release|Any CPU.ActiveCfg = Release|Any CPU
		{A5F8B440-ACDF-4EB0-A404-6E9336122FCA}.Release|Any CPU.Build.0 = Release|Any CPU
	EndGlobalSection
	GlobalSection(SolutionProperties) = preSolution
		HideSolutionNode = FALSE
	EndGlobalSection
	GlobalSection(ExtensibilityGlobals) = postSolution
		SolutionGuid = {EC82267D-B4D7-43E7-8099-6D30BD44ED46}
	EndGlobalSection
EndGlobal
