
Microsoft Visual Studio Solution File, Format Version 12.00
# Visual Studio 15
VisualStudioVersion = 15.0.26730.16
MinimumVisualStudioVersion = 10.0.40219.1
Project("{FAE04EC0-301F-11D3-BF4B-00C04F79EFBC}") = "Csharp_benkyou_kihon", "Csharp_benkyou_kihon\Csharp_benkyou_kihon.csproj", "{19AB2BC5-955F-4410-86D4-7623508ED005}"
EndProject
Global
	GlobalSection(SolutionConfigurationPlatforms) = preSolution
		Debug|Any CPU = Debug|Any CPU
		Release|Any CPU = Release|Any CPU
	EndGlobalSection
	GlobalSection(ProjectConfigurationPlatforms) = postSolution
		{19AB2BC5-955F-4410-86D4-7623508ED005}.Debug|Any CPU.ActiveCfg = Debug|Any CPU
		{19AB2BC5-955F-4410-86D4-7623508ED005}.Debug|Any CPU.Build.0 = Debug|Any CPU
		{19AB2BC5-955F-4410-86D4-7623508ED005}.Release|Any CPU.ActiveCfg = Release|Any CPU
		{19AB2BC5-955F-4410-86D4-7623508ED005}.Release|Any CPU.Build.0 = Release|Any CPU
	EndGlobalSection
	GlobalSection(SolutionProperties) = preSolution
		HideSolutionNode = FALSE
	EndGlobalSection
	GlobalSection(ExtensibilityGlobals) = postSolution
		SolutionGuid = {CC4FF321-6B29-40C9-9E99-64C1CDDE9BA3}
	EndGlobalSection
EndGlobal
