
Microsoft Visual Studio Solution File, Format Version 12.00
# Visual Studio 15
VisualStudioVersion = 15.0.27004.2002
MinimumVisualStudioVersion = 10.0.40219.1
Project("{FAE04EC0-301F-11D3-BF4B-00C04F79EFBC}") = "Problem2_2", "Problem2_2\Problem2_2.csproj", "{FB81A622-F9B3-4944-8D81-25B146AF9099}"
EndProject
Global
	GlobalSection(SolutionConfigurationPlatforms) = preSolution
		Debug|Any CPU = Debug|Any CPU
		Release|Any CPU = Release|Any CPU
	EndGlobalSection
	GlobalSection(ProjectConfigurationPlatforms) = postSolution
		{FB81A622-F9B3-4944-8D81-25B146AF9099}.Debug|Any CPU.ActiveCfg = Debug|Any CPU
		{FB81A622-F9B3-4944-8D81-25B146AF9099}.Debug|Any CPU.Build.0 = Debug|Any CPU
		{FB81A622-F9B3-4944-8D81-25B146AF9099}.Release|Any CPU.ActiveCfg = Release|Any CPU
		{FB81A622-F9B3-4944-8D81-25B146AF9099}.Release|Any CPU.Build.0 = Release|Any CPU
	EndGlobalSection
	GlobalSection(SolutionProperties) = preSolution
		HideSolutionNode = FALSE
	EndGlobalSection
	GlobalSection(ExtensibilityGlobals) = postSolution
		SolutionGuid = {E87168C9-C49E-4F1F-BEF4-C49A648A0C26}
	EndGlobalSection
EndGlobal
