
Microsoft Visual Studio Solution File, Format Version 12.00
# Visual Studio 15
VisualStudioVersion = 15.0.27004.2002
MinimumVisualStudioVersion = 10.0.40219.1
Project("{FAE04EC0-301F-11D3-BF4B-00C04F79EFBC}") = "Sample301", "Sample301\Sample301.csproj", "{95F11373-72C0-408A-B4BD-2965747532F5}"
EndProject
Global
	GlobalSection(SolutionConfigurationPlatforms) = preSolution
		Debug|Any CPU = Debug|Any CPU
		Release|Any CPU = Release|Any CPU
	EndGlobalSection
	GlobalSection(ProjectConfigurationPlatforms) = postSolution
		{95F11373-72C0-408A-B4BD-2965747532F5}.Debug|Any CPU.ActiveCfg = Debug|Any CPU
		{95F11373-72C0-408A-B4BD-2965747532F5}.Debug|Any CPU.Build.0 = Debug|Any CPU
		{95F11373-72C0-408A-B4BD-2965747532F5}.Release|Any CPU.ActiveCfg = Release|Any CPU
		{95F11373-72C0-408A-B4BD-2965747532F5}.Release|Any CPU.Build.0 = Release|Any CPU
	EndGlobalSection
	GlobalSection(SolutionProperties) = preSolution
		HideSolutionNode = FALSE
	EndGlobalSection
	GlobalSection(ExtensibilityGlobals) = postSolution
		SolutionGuid = {FF41D094-0258-4ACB-B150-C868C5258109}
	EndGlobalSection
EndGlobal
