
Microsoft Visual Studio Solution File, Format Version 12.00
# Visual Studio 15
VisualStudioVersion = 15.0.27004.2002
MinimumVisualStudioVersion = 10.0.40219.1
Project("{FAE04EC0-301F-11D3-BF4B-00C04F79EFBC}") = "Sample304", "Sample304\Sample304.csproj", "{89F1603B-1D5E-45FB-A1C8-7A7C254132B3}"
EndProject
Global
	GlobalSection(SolutionConfigurationPlatforms) = preSolution
		Debug|Any CPU = Debug|Any CPU
		Release|Any CPU = Release|Any CPU
	EndGlobalSection
	GlobalSection(ProjectConfigurationPlatforms) = postSolution
		{89F1603B-1D5E-45FB-A1C8-7A7C254132B3}.Debug|Any CPU.ActiveCfg = Debug|Any CPU
		{89F1603B-1D5E-45FB-A1C8-7A7C254132B3}.Debug|Any CPU.Build.0 = Debug|Any CPU
		{89F1603B-1D5E-45FB-A1C8-7A7C254132B3}.Release|Any CPU.ActiveCfg = Release|Any CPU
		{89F1603B-1D5E-45FB-A1C8-7A7C254132B3}.Release|Any CPU.Build.0 = Release|Any CPU
	EndGlobalSection
	GlobalSection(SolutionProperties) = preSolution
		HideSolutionNode = FALSE
	EndGlobalSection
	GlobalSection(ExtensibilityGlobals) = postSolution
		SolutionGuid = {511C0847-E8EF-4251-8220-CF70EA391674}
	EndGlobalSection
EndGlobal
