
Microsoft Visual Studio Solution File, Format Version 12.00
# Visual Studio 15
VisualStudioVersion = 15.0.27004.2002
MinimumVisualStudioVersion = 10.0.40219.1
Project("{FAE04EC0-301F-11D3-BF4B-00C04F79EFBC}") = "Problem1_2", "Problem1_2\Problem1_2.csproj", "{B3B53894-23DF-421D-8923-34E02A3CE886}"
EndProject
Global
	GlobalSection(SolutionConfigurationPlatforms) = preSolution
		Debug|Any CPU = Debug|Any CPU
		Release|Any CPU = Release|Any CPU
	EndGlobalSection
	GlobalSection(ProjectConfigurationPlatforms) = postSolution
		{B3B53894-23DF-421D-8923-34E02A3CE886}.Debug|Any CPU.ActiveCfg = Debug|Any CPU
		{B3B53894-23DF-421D-8923-34E02A3CE886}.Debug|Any CPU.Build.0 = Debug|Any CPU
		{B3B53894-23DF-421D-8923-34E02A3CE886}.Release|Any CPU.ActiveCfg = Release|Any CPU
		{B3B53894-23DF-421D-8923-34E02A3CE886}.Release|Any CPU.Build.0 = Release|Any CPU
	EndGlobalSection
	GlobalSection(SolutionProperties) = preSolution
		HideSolutionNode = FALSE
	EndGlobalSection
	GlobalSection(ExtensibilityGlobals) = postSolution
		SolutionGuid = {5376F73E-E8DD-4BAE-95B9-F9C2258EDED8}
	EndGlobalSection
EndGlobal
