
Microsoft Visual Studio Solution File, Format Version 12.00
# Visual Studio 15
VisualStudioVersion = 15.0.27004.2002
MinimumVisualStudioVersion = 10.0.40219.1
Project("{FAE04EC0-301F-11D3-BF4B-00C04F79EFBC}") = "sample203", "sample203\sample203.csproj", "{CE231F18-BB62-40AF-9EFD-6A2DF52B3697}"
EndProject
Global
	GlobalSection(SolutionConfigurationPlatforms) = preSolution
		Debug|Any CPU = Debug|Any CPU
		Release|Any CPU = Release|Any CPU
	EndGlobalSection
	GlobalSection(ProjectConfigurationPlatforms) = postSolution
		{CE231F18-BB62-40AF-9EFD-6A2DF52B3697}.Debug|Any CPU.ActiveCfg = Debug|Any CPU
		{CE231F18-BB62-40AF-9EFD-6A2DF52B3697}.Debug|Any CPU.Build.0 = Debug|Any CPU
		{CE231F18-BB62-40AF-9EFD-6A2DF52B3697}.Release|Any CPU.ActiveCfg = Release|Any CPU
		{CE231F18-BB62-40AF-9EFD-6A2DF52B3697}.Release|Any CPU.Build.0 = Release|Any CPU
	EndGlobalSection
	GlobalSection(SolutionProperties) = preSolution
		HideSolutionNode = FALSE
	EndGlobalSection
	GlobalSection(ExtensibilityGlobals) = postSolution
		SolutionGuid = {9564112C-FBB1-465C-A28C-89F0CB3B2FA9}
	EndGlobalSection
EndGlobal
