
Microsoft Visual Studio Solution File, Format Version 12.00
# Visual Studio 15
VisualStudioVersion = 15.0.27004.2002
MinimumVisualStudioVersion = 10.0.40219.1
Project("{FAE04EC0-301F-11D3-BF4B-00C04F79EFBC}") = "Portal", "Portal\Portal.csproj", "{FAA3C98A-51F3-406D-BD05-79C7B9A9CE05}"
EndProject
Project("{E53339B2-1760-4266-BCC7-CA923CBCF16C}") = "docker-compose", "docker-compose.dcproj", "{8AC62071-FBE5-48F6-B4CF-763AFBD74C59}"
EndProject
Global
	GlobalSection(SolutionConfigurationPlatforms) = preSolution
		Debug|Any CPU = Debug|Any CPU
		Release|Any CPU = Release|Any CPU
	EndGlobalSection
	GlobalSection(ProjectConfigurationPlatforms) = postSolution
		{FAA3C98A-51F3-406D-BD05-79C7B9A9CE05}.Debug|Any CPU.ActiveCfg = Debug|Any CPU
		{FAA3C98A-51F3-406D-BD05-79C7B9A9CE05}.Debug|Any CPU.Build.0 = Debug|Any CPU
		{FAA3C98A-51F3-406D-BD05-79C7B9A9CE05}.Release|Any CPU.ActiveCfg = Release|Any CPU
		{FAA3C98A-51F3-406D-BD05-79C7B9A9CE05}.Release|Any CPU.Build.0 = Release|Any CPU
		{8AC62071-FBE5-48F6-B4CF-763AFBD74C59}.Debug|Any CPU.ActiveCfg = Debug|Any CPU
		{8AC62071-FBE5-48F6-B4CF-763AFBD74C59}.Debug|Any CPU.Build.0 = Debug|Any CPU
		{8AC62071-FBE5-48F6-B4CF-763AFBD74C59}.Release|Any CPU.ActiveCfg = Release|Any CPU
		{8AC62071-FBE5-48F6-B4CF-763AFBD74C59}.Release|Any CPU.Build.0 = Release|Any CPU
	EndGlobalSection
	GlobalSection(SolutionProperties) = preSolution
		HideSolutionNode = FALSE
	EndGlobalSection
	GlobalSection(ExtensibilityGlobals) = postSolution
		SolutionGuid = {2404DE3F-1FCF-4C29-B7C0-927DDD5A7D75}
	EndGlobalSection
EndGlobal
