
Microsoft Visual Studio Solution File, Format Version 12.00
# Visual Studio 15
VisualStudioVersion = 15.0.27004.2002
MinimumVisualStudioVersion = 10.0.40219.1
Project("{FAE04EC0-301F-11D3-BF4B-00C04F79EFBC}") = "Problem3_12", "Problem3_12\Problem3_12.csproj", "{579D9292-EB25-4FD7-B299-67A91F871B53}"
EndProject
Global
	GlobalSection(SolutionConfigurationPlatforms) = preSolution
		Debug|Any CPU = Debug|Any CPU
		Release|Any CPU = Release|Any CPU
	EndGlobalSection
	GlobalSection(ProjectConfigurationPlatforms) = postSolution
		{579D9292-EB25-4FD7-B299-67A91F871B53}.Debug|Any CPU.ActiveCfg = Debug|Any CPU
		{579D9292-EB25-4FD7-B299-67A91F871B53}.Debug|Any CPU.Build.0 = Debug|Any CPU
		{579D9292-EB25-4FD7-B299-67A91F871B53}.Release|Any CPU.ActiveCfg = Release|Any CPU
		{579D9292-EB25-4FD7-B299-67A91F871B53}.Release|Any CPU.Build.0 = Release|Any CPU
	EndGlobalSection
	GlobalSection(SolutionProperties) = preSolution
		HideSolutionNode = FALSE
	EndGlobalSection
	GlobalSection(ExtensibilityGlobals) = postSolution
		SolutionGuid = {471ED2C5-30E9-4384-8260-E10F4FB88B3C}
	EndGlobalSection
EndGlobal
