
Microsoft Visual Studio Solution File, Format Version 12.00
# Visual Studio 14
VisualStudioVersion = 14.0.25420.1
MinimumVisualStudioVersion = 10.0.40219.1
Project("{2150E333-8FDC-42A3-9474-1A3956D46DE8}") = "basic8day", "basic8day", "{A00B5E98-9756-4171-8F7A-0B02E1DBBC84}"
EndProject
Project("{FAE04EC0-301F-11D3-BF4B-00C04F79EFBC}") = "Problem8_1", "Problem8_1\Problem8_1.csproj", "{7DA456A2-740A-4D3E-BB75-3B6EB121AB02}"
EndProject
Project("{FAE04EC0-301F-11D3-BF4B-00C04F79EFBC}") = "Problem8_2", "Problem8_2\Problem8_2.csproj", "{61D102F4-617A-4D4C-8855-4E42475E2EDB}"
EndProject
Project("{FAE04EC0-301F-11D3-BF4B-00C04F79EFBC}") = "Problem8_3", "Problem8_3\Problem8_3.csproj", "{817F879B-39B8-4165-8186-013EA7A9E1A9}"
EndProject
Project("{FAE04EC0-301F-11D3-BF4B-00C04F79EFBC}") = "Problem8_4", "Problem8_4\Problem8_4.csproj", "{D8FBFAEE-DA34-489A-9C03-E28143B6C591}"
EndProject
Project("{FAE04EC0-301F-11D3-BF4B-00C04F79EFBC}") = "Problem8_5", "Problem8_5\Problem8_5.csproj", "{142A6028-2260-4BB3-9D2D-7205835BFAA1}"
EndProject
Project("{FAE04EC0-301F-11D3-BF4B-00C04F79EFBC}") = "Problem8_6", "Problem8_6\Problem8_6.csproj", "{B153AE6A-18BA-47CD-B235-460B736E6F6C}"
EndProject
Project("{FAE04EC0-301F-11D3-BF4B-00C04F79EFBC}") = "Problem8_7", "Problem8_7\Problem8_7.csproj", "{1E77770F-415F-425A-9E73-2F85530CC744}"
EndProject
Project("{FAE04EC0-301F-11D3-BF4B-00C04F79EFBC}") = "Problem8_8", "Problem8_8\Problem8_8.csproj", "{DFB693EC-8328-41E5-AE19-E1C789367E3C}"
EndProject
Project("{FAE04EC0-301F-11D3-BF4B-00C04F79EFBC}") = "Problem8_9", "Problem8_9\Problem8_9.csproj", "{DE1EF8AD-2A0A-423E-9178-6B1008979B0C}"
EndProject
Project("{FAE04EC0-301F-11D3-BF4B-00C04F79EFBC}") = "Problem8_10", "Problem8_10\Problem8_10.csproj", "{1DE57E24-30FF-4F0A-9E1D-766442B27608}"
EndProject
Project("{FAE04EC0-301F-11D3-BF4B-00C04F79EFBC}") = "Problem8_11", "Problem8_11\Problem8_11.csproj", "{39DDBB23-9F55-4282-8EF5-7DC548C06D49}"
EndProject
Project("{FAE04EC0-301F-11D3-BF4B-00C04F79EFBC}") = "Problem8_12", "Problem8_12\Problem8_12.csproj", "{5536E50F-6A9B-4AA1-975F-F59F852E05C4}"
EndProject
Project("{FAE04EC0-301F-11D3-BF4B-00C04F79EFBC}") = "Problem8_13", "Problem8_13\Problem8_13.csproj", "{67405956-47E4-4EDE-95E3-2377E4F1701F}"
EndProject
Project("{FAE04EC0-301F-11D3-BF4B-00C04F79EFBC}") = "Problem8_14", "Problem8_14\Problem8_14.csproj", "{C8DED8A2-2F81-4506-B79A-142A68D9FE21}"
EndProject
Project("{FAE04EC0-301F-11D3-BF4B-00C04F79EFBC}") = "Problem8_15", "Problem8_15\Problem8_15.csproj", "{C8123072-50AD-4042-AE01-8396B13BE51C}"
EndProject
Project("{FAE04EC0-301F-11D3-BF4B-00C04F79EFBC}") = "Problem8_16", "Problem8_16\Problem8_16.csproj", "{F0731C28-BDF5-43AA-81A0-81316E17F9B4}"
EndProject
Project("{FAE04EC0-301F-11D3-BF4B-00C04F79EFBC}") = "Problem8_17", "Problem8_17\Problem8_17.csproj", "{CA47E652-75D7-4B0B-A1BC-168D913F4B91}"
EndProject
Project("{FAE04EC0-301F-11D3-BF4B-00C04F79EFBC}") = "Problem8_18", "Problem8_18\Problem8_18.csproj", "{8D2904EE-4545-40B8-9199-E4DE3039479A}"
EndProject
Global
	GlobalSection(SolutionConfigurationPlatforms) = preSolution
		Debug|Any CPU = Debug|Any CPU
		Release|Any CPU = Release|Any CPU
	EndGlobalSection
	GlobalSection(ProjectConfigurationPlatforms) = postSolution
		{7DA456A2-740A-4D3E-BB75-3B6EB121AB02}.Debug|Any CPU.ActiveCfg = Debug|Any CPU
		{7DA456A2-740A-4D3E-BB75-3B6EB121AB02}.Debug|Any CPU.Build.0 = Debug|Any CPU
		{7DA456A2-740A-4D3E-BB75-3B6EB121AB02}.Release|Any CPU.ActiveCfg = Release|Any CPU
		{7DA456A2-740A-4D3E-BB75-3B6EB121AB02}.Release|Any CPU.Build.0 = Release|Any CPU
		{61D102F4-617A-4D4C-8855-4E42475E2EDB}.Debug|Any CPU.ActiveCfg = Debug|Any CPU
		{61D102F4-617A-4D4C-8855-4E42475E2EDB}.Debug|Any CPU.Build.0 = Debug|Any CPU
		{61D102F4-617A-4D4C-8855-4E42475E2EDB}.Release|Any CPU.ActiveCfg = Release|Any CPU
		{61D102F4-617A-4D4C-8855-4E42475E2EDB}.Release|Any CPU.Build.0 = Release|Any CPU
		{817F879B-39B8-4165-8186-013EA7A9E1A9}.Debug|Any CPU.ActiveCfg = Debug|Any CPU
		{817F879B-39B8-4165-8186-013EA7A9E1A9}.Debug|Any CPU.Build.0 = Debug|Any CPU
		{817F879B-39B8-4165-8186-013EA7A9E1A9}.Release|Any CPU.ActiveCfg = Release|Any CPU
		{817F879B-39B8-4165-8186-013EA7A9E1A9}.Release|Any CPU.Build.0 = Release|Any CPU
		{D8FBFAEE-DA34-489A-9C03-E28143B6C591}.Debug|Any CPU.ActiveCfg = Debug|Any CPU
		{D8FBFAEE-DA34-489A-9C03-E28143B6C591}.Debug|Any CPU.Build.0 = Debug|Any CPU
		{D8FBFAEE-DA34-489A-9C03-E28143B6C591}.Release|Any CPU.ActiveCfg = Release|Any CPU
		{D8FBFAEE-DA34-489A-9C03-E28143B6C591}.Release|Any CPU.Build.0 = Release|Any CPU
		{142A6028-2260-4BB3-9D2D-7205835BFAA1}.Debug|Any CPU.ActiveCfg = Debug|Any CPU
		{142A6028-2260-4BB3-9D2D-7205835BFAA1}.Debug|Any CPU.Build.0 = Debug|Any CPU
		{142A6028-2260-4BB3-9D2D-7205835BFAA1}.Release|Any CPU.ActiveCfg = Release|Any CPU
		{142A6028-2260-4BB3-9D2D-7205835BFAA1}.Release|Any CPU.Build.0 = Release|Any CPU
		{B153AE6A-18BA-47CD-B235-460B736E6F6C}.Debug|Any CPU.ActiveCfg = Debug|Any CPU
		{B153AE6A-18BA-47CD-B235-460B736E6F6C}.Debug|Any CPU.Build.0 = Debug|Any CPU
		{B153AE6A-18BA-47CD-B235-460B736E6F6C}.Release|Any CPU.ActiveCfg = Release|Any CPU
		{B153AE6A-18BA-47CD-B235-460B736E6F6C}.Release|Any CPU.Build.0 = Release|Any CPU
		{1E77770F-415F-425A-9E73-2F85530CC744}.Debug|Any CPU.ActiveCfg = Debug|Any CPU
		{1E77770F-415F-425A-9E73-2F85530CC744}.Debug|Any CPU.Build.0 = Debug|Any CPU
		{1E77770F-415F-425A-9E73-2F85530CC744}.Release|Any CPU.ActiveCfg = Release|Any CPU
		{1E77770F-415F-425A-9E73-2F85530CC744}.Release|Any CPU.Build.0 = Release|Any CPU
		{DFB693EC-8328-41E5-AE19-E1C789367E3C}.Debug|Any CPU.ActiveCfg = Debug|Any CPU
		{DFB693EC-8328-41E5-AE19-E1C789367E3C}.Debug|Any CPU.Build.0 = Debug|Any CPU
		{DFB693EC-8328-41E5-AE19-E1C789367E3C}.Release|Any CPU.ActiveCfg = Release|Any CPU
		{DFB693EC-8328-41E5-AE19-E1C789367E3C}.Release|Any CPU.Build.0 = Release|Any CPU
		{DE1EF8AD-2A0A-423E-9178-6B1008979B0C}.Debug|Any CPU.ActiveCfg = Debug|Any CPU
		{DE1EF8AD-2A0A-423E-9178-6B1008979B0C}.Debug|Any CPU.Build.0 = Debug|Any CPU
		{DE1EF8AD-2A0A-423E-9178-6B1008979B0C}.Release|Any CPU.ActiveCfg = Release|Any CPU
		{DE1EF8AD-2A0A-423E-9178-6B1008979B0C}.Release|Any CPU.Build.0 = Release|Any CPU
		{1DE57E24-30FF-4F0A-9E1D-766442B27608}.Debug|Any CPU.ActiveCfg = Debug|Any CPU
		{1DE57E24-30FF-4F0A-9E1D-766442B27608}.Debug|Any CPU.Build.0 = Debug|Any CPU
		{1DE57E24-30FF-4F0A-9E1D-766442B27608}.Release|Any CPU.ActiveCfg = Release|Any CPU
		{1DE57E24-30FF-4F0A-9E1D-766442B27608}.Release|Any CPU.Build.0 = Release|Any CPU
		{39DDBB23-9F55-4282-8EF5-7DC548C06D49}.Debug|Any CPU.ActiveCfg = Debug|Any CPU
		{39DDBB23-9F55-4282-8EF5-7DC548C06D49}.Debug|Any CPU.Build.0 = Debug|Any CPU
		{39DDBB23-9F55-4282-8EF5-7DC548C06D49}.Release|Any CPU.ActiveCfg = Release|Any CPU
		{39DDBB23-9F55-4282-8EF5-7DC548C06D49}.Release|Any CPU.Build.0 = Release|Any CPU
		{5536E50F-6A9B-4AA1-975F-F59F852E05C4}.Debug|Any CPU.ActiveCfg = Debug|Any CPU
		{5536E50F-6A9B-4AA1-975F-F59F852E05C4}.Debug|Any CPU.Build.0 = Debug|Any CPU
		{5536E50F-6A9B-4AA1-975F-F59F852E05C4}.Release|Any CPU.ActiveCfg = Release|Any CPU
		{5536E50F-6A9B-4AA1-975F-F59F852E05C4}.Release|Any CPU.Build.0 = Release|Any CPU
		{67405956-47E4-4EDE-95E3-2377E4F1701F}.Debug|Any CPU.ActiveCfg = Debug|Any CPU
		{67405956-47E4-4EDE-95E3-2377E4F1701F}.Debug|Any CPU.Build.0 = Debug|Any CPU
		{67405956-47E4-4EDE-95E3-2377E4F1701F}.Release|Any CPU.ActiveCfg = Release|Any CPU
		{67405956-47E4-4EDE-95E3-2377E4F1701F}.Release|Any CPU.Build.0 = Release|Any CPU
		{C8DED8A2-2F81-4506-B79A-142A68D9FE21}.Debug|Any CPU.ActiveCfg = Debug|Any CPU
		{C8DED8A2-2F81-4506-B79A-142A68D9FE21}.Debug|Any CPU.Build.0 = Debug|Any CPU
		{C8DED8A2-2F81-4506-B79A-142A68D9FE21}.Release|Any CPU.ActiveCfg = Release|Any CPU
		{C8DED8A2-2F81-4506-B79A-142A68D9FE21}.Release|Any CPU.Build.0 = Release|Any CPU
		{C8123072-50AD-4042-AE01-8396B13BE51C}.Debug|Any CPU.ActiveCfg = Debug|Any CPU
		{C8123072-50AD-4042-AE01-8396B13BE51C}.Debug|Any CPU.Build.0 = Debug|Any CPU
		{C8123072-50AD-4042-AE01-8396B13BE51C}.Release|Any CPU.ActiveCfg = Release|Any CPU
		{C8123072-50AD-4042-AE01-8396B13BE51C}.Release|Any CPU.Build.0 = Release|Any CPU
		{F0731C28-BDF5-43AA-81A0-81316E17F9B4}.Debug|Any CPU.ActiveCfg = Debug|Any CPU
		{F0731C28-BDF5-43AA-81A0-81316E17F9B4}.Debug|Any CPU.Build.0 = Debug|Any CPU
		{F0731C28-BDF5-43AA-81A0-81316E17F9B4}.Release|Any CPU.ActiveCfg = Release|Any CPU
		{F0731C28-BDF5-43AA-81A0-81316E17F9B4}.Release|Any CPU.Build.0 = Release|Any CPU
		{CA47E652-75D7-4B0B-A1BC-168D913F4B91}.Debug|Any CPU.ActiveCfg = Debug|Any CPU
		{CA47E652-75D7-4B0B-A1BC-168D913F4B91}.Debug|Any CPU.Build.0 = Debug|Any CPU
		{CA47E652-75D7-4B0B-A1BC-168D913F4B91}.Release|Any CPU.ActiveCfg = Release|Any CPU
		{CA47E652-75D7-4B0B-A1BC-168D913F4B91}.Release|Any CPU.Build.0 = Release|Any CPU
		{8D2904EE-4545-40B8-9199-E4DE3039479A}.Debug|Any CPU.ActiveCfg = Debug|Any CPU
		{8D2904EE-4545-40B8-9199-E4DE3039479A}.Debug|Any CPU.Build.0 = Debug|Any CPU
		{8D2904EE-4545-40B8-9199-E4DE3039479A}.Release|Any CPU.ActiveCfg = Release|Any CPU
		{8D2904EE-4545-40B8-9199-E4DE3039479A}.Release|Any CPU.Build.0 = Release|Any CPU
	EndGlobalSection
	GlobalSection(SolutionProperties) = preSolution
		HideSolutionNode = FALSE
	EndGlobalSection
	GlobalSection(NestedProjects) = preSolution
		{7DA456A2-740A-4D3E-BB75-3B6EB121AB02} = {A00B5E98-9756-4171-8F7A-0B02E1DBBC84}
		{61D102F4-617A-4D4C-8855-4E42475E2EDB} = {A00B5E98-9756-4171-8F7A-0B02E1DBBC84}
		{817F879B-39B8-4165-8186-013EA7A9E1A9} = {A00B5E98-9756-4171-8F7A-0B02E1DBBC84}
		{D8FBFAEE-DA34-489A-9C03-E28143B6C591} = {A00B5E98-9756-4171-8F7A-0B02E1DBBC84}
		{142A6028-2260-4BB3-9D2D-7205835BFAA1} = {A00B5E98-9756-4171-8F7A-0B02E1DBBC84}
		{B153AE6A-18BA-47CD-B235-460B736E6F6C} = {A00B5E98-9756-4171-8F7A-0B02E1DBBC84}
		{1E77770F-415F-425A-9E73-2F85530CC744} = {A00B5E98-9756-4171-8F7A-0B02E1DBBC84}
		{DFB693EC-8328-41E5-AE19-E1C789367E3C} = {A00B5E98-9756-4171-8F7A-0B02E1DBBC84}
		{DE1EF8AD-2A0A-423E-9178-6B1008979B0C} = {A00B5E98-9756-4171-8F7A-0B02E1DBBC84}
		{1DE57E24-30FF-4F0A-9E1D-766442B27608} = {A00B5E98-9756-4171-8F7A-0B02E1DBBC84}
		{39DDBB23-9F55-4282-8EF5-7DC548C06D49} = {A00B5E98-9756-4171-8F7A-0B02E1DBBC84}
		{5536E50F-6A9B-4AA1-975F-F59F852E05C4} = {A00B5E98-9756-4171-8F7A-0B02E1DBBC84}
		{67405956-47E4-4EDE-95E3-2377E4F1701F} = {A00B5E98-9756-4171-8F7A-0B02E1DBBC84}
		{C8DED8A2-2F81-4506-B79A-142A68D9FE21} = {A00B5E98-9756-4171-8F7A-0B02E1DBBC84}
		{C8123072-50AD-4042-AE01-8396B13BE51C} = {A00B5E98-9756-4171-8F7A-0B02E1DBBC84}
		{F0731C28-BDF5-43AA-81A0-81316E17F9B4} = {A00B5E98-9756-4171-8F7A-0B02E1DBBC84}
		{CA47E652-75D7-4B0B-A1BC-168D913F4B91} = {A00B5E98-9756-4171-8F7A-0B02E1DBBC84}
		{8D2904EE-4545-40B8-9199-E4DE3039479A} = {A00B5E98-9756-4171-8F7A-0B02E1DBBC84}
	EndGlobalSection
	GlobalSection(ExtensibilityGlobals) = postSolution
		SolutionGuid = {358507FF-6659-4487-8DC1-3B6B04552F86}
	EndGlobalSection
EndGlobal
