
Microsoft Visual Studio Solution File, Format Version 12.00
# Visual Studio 15
VisualStudioVersion = 15.0.27004.2002
MinimumVisualStudioVersion = 10.0.40219.1
Project("{FAE04EC0-301F-11D3-BF4B-00C04F79EFBC}") = "Problem3_11", "Problem3_11\Problem3_11.csproj", "{4BD4859F-C330-47FF-BCA0-285643644E0C}"
EndProject
Global
	GlobalSection(SolutionConfigurationPlatforms) = preSolution
		Debug|Any CPU = Debug|Any CPU
		Release|Any CPU = Release|Any CPU
	EndGlobalSection
	GlobalSection(ProjectConfigurationPlatforms) = postSolution
		{4BD4859F-C330-47FF-BCA0-285643644E0C}.Debug|Any CPU.ActiveCfg = Debug|Any CPU
		{4BD4859F-C330-47FF-BCA0-285643644E0C}.Debug|Any CPU.Build.0 = Debug|Any CPU
		{4BD4859F-C330-47FF-BCA0-285643644E0C}.Release|Any CPU.ActiveCfg = Release|Any CPU
		{4BD4859F-C330-47FF-BCA0-285643644E0C}.Release|Any CPU.Build.0 = Release|Any CPU
	EndGlobalSection
	GlobalSection(SolutionProperties) = preSolution
		HideSolutionNode = FALSE
	EndGlobalSection
	GlobalSection(ExtensibilityGlobals) = postSolution
		SolutionGuid = {C774FABD-FC45-4313-A904-F54B4E937377}
	EndGlobalSection
EndGlobal
