
Microsoft Visual Studio Solution File, Format Version 12.00
# Visual Studio 15
VisualStudioVersion = 15.0.26403.0
MinimumVisualStudioVersion = 10.0.40219.1
Project("{FAE04EC0-301F-11D3-BF4B-00C04F79EFBC}") = "Problem_1_1", "Problem_1_1\Problem_1_1.csproj", "{00559292-D629-45BB-BE12-6FC8E4E74758}"
EndProject
Project("{FAE04EC0-301F-11D3-BF4B-00C04F79EFBC}") = "Problem_1_2", "Problem_1_2\Problem_1_2.csproj", "{896A1522-94A9-45AA-9740-5A7A6CF5857A}"
EndProject
Project("{FAE04EC0-301F-11D3-BF4B-00C04F79EFBC}") = "Problem_2_2", "Problem_2_2\Problem_2_2.csproj", "{18CE246A-37EF-4C3B-A8FA-E533C0052629}"
EndProject
Project("{FAE04EC0-301F-11D3-BF4B-00C04F79EFBC}") = "Problem_2_3", "Problem_2_3\Problem_2_3.csproj", "{461B9688-4CD7-41AD-ADA4-D1B3C4531095}"
EndProject
Project("{FAE04EC0-301F-11D3-BF4B-00C04F79EFBC}") = "Problem_2_4", "Problem_2_4\Problem_2_4.csproj", "{93545C3E-ECC1-41F8-988A-BC5AED5053CF}"
EndProject
Project("{FAE04EC0-301F-11D3-BF4B-00C04F79EFBC}") = "Problem_2_5", "Problem_2_5\Problem_2_5.csproj", "{55AFBCD9-065B-434A-8F55-CC3EBC16D706}"
EndProject
Project("{FAE04EC0-301F-11D3-BF4B-00C04F79EFBC}") = "Problem_3_1", "Problem_3_1\Problem_3_1.csproj", "{CA283AFD-8DDE-4667-A2C6-279EBDCCE8F1}"
EndProject
Project("{FAE04EC0-301F-11D3-BF4B-00C04F79EFBC}") = "Problem_3_2", "Problem_3_2\Problem_3_2.csproj", "{80ACA65F-4370-4A54-A6C6-1FF1DB97AF26}"
EndProject
Project("{FAE04EC0-301F-11D3-BF4B-00C04F79EFBC}") = "Problem_3_3", "Problem_3_3\Problem_3_3.csproj", "{D6D71215-9ED4-4BE3-9722-FDC49AD72BF8}"
EndProject
Project("{FAE04EC0-301F-11D3-BF4B-00C04F79EFBC}") = "Problem_3_4", "Problem_3_4\Problem_3_4.csproj", "{2A5B4B1F-D006-45D9-A172-28A3C3C23223}"
EndProject
Project("{FAE04EC0-301F-11D3-BF4B-00C04F79EFBC}") = "Problem_3_5", "Problem_3_5\Problem_3_5.csproj", "{FE8BA697-0D62-4982-AF38-BB119B05F3DE}"
EndProject
Project("{FAE04EC0-301F-11D3-BF4B-00C04F79EFBC}") = "Problem_3_6", "Problem_3_6\Problem_3_6.csproj", "{F3691CE1-248A-426B-B1D6-21D3C7967BF4}"
EndProject
Project("{FAE04EC0-301F-11D3-BF4B-00C04F79EFBC}") = "Problem_3_7", "Problem_3_7\Problem_3_7.csproj", "{5124F8CD-E169-4434-A5CE-43AD8AE82BC8}"
EndProject
Project("{FAE04EC0-301F-11D3-BF4B-00C04F79EFBC}") = "Problem_3_8", "Problem_3_8\Problem_3_8.csproj", "{F290BB88-2625-48BE-8DE8-81D0B3AC29C3}"
EndProject
Project("{FAE04EC0-301F-11D3-BF4B-00C04F79EFBC}") = "Problem_3_9", "Problem_3_9\Problem_3_9.csproj", "{94F44251-2D94-455F-8897-E906DF2FA057}"
EndProject
Project("{FAE04EC0-301F-11D3-BF4B-00C04F79EFBC}") = "Problem_3_10", "Problem_3_10\Problem_3_10.csproj", "{A113728E-7FCC-473E-AF54-0F54810C4D8F}"
EndProject
Project("{FAE04EC0-301F-11D3-BF4B-00C04F79EFBC}") = "Problem_3_11", "Problem_3_11\Problem_3_11.csproj", "{8A17EB86-2DFA-475A-80CA-4F1469BC3740}"
EndProject
Project("{FAE04EC0-301F-11D3-BF4B-00C04F79EFBC}") = "Problem_3_12", "Problem_3_12\Problem_3_12.csproj", "{933BD8DB-0004-409D-A93D-9166A2B7EDFF}"
EndProject
Project("{FAE04EC0-301F-11D3-BF4B-00C04F79EFBC}") = "Problem_3_13", "Problem_3_13\Problem_3_13.csproj", "{24A7E857-A32C-4776-86B6-EEFBEAECB44F}"
EndProject
Project("{FAE04EC0-301F-11D3-BF4B-00C04F79EFBC}") = "Problem_3_14", "Problem_3_14\Problem_3_14.csproj", "{68BE40FA-8683-4322-9A1D-A3993EB8A0F6}"
EndProject
Project("{FAE04EC0-301F-11D3-BF4B-00C04F79EFBC}") = "Problem_3_15", "Problem_3_15\Problem_3_15.csproj", "{F44A4542-2A35-470E-9CC8-0564A54D5C3D}"
EndProject
Project("{FAE04EC0-301F-11D3-BF4B-00C04F79EFBC}") = "Problem_3_16", "Problem_3_16\Problem_3_16.csproj", "{1186C929-2871-491D-8796-2AE7CD0F30C4}"
EndProject
Project("{FAE04EC0-301F-11D3-BF4B-00C04F79EFBC}") = "Problem_3_17", "Problem_3_17\Problem_3_17.csproj", "{11BCCA7C-2FD9-4378-89AC-78ED532A75A7}"
EndProject
Project("{FAE04EC0-301F-11D3-BF4B-00C04F79EFBC}") = "Problem_3_18", "Problem_3_18\Problem_3_18.csproj", "{A8372D3E-8385-449D-8969-99B225ABFDA3}"
EndProject
Project("{FAE04EC0-301F-11D3-BF4B-00C04F79EFBC}") = "Problem_4_1", "Problem_4_1\Problem_4_1.csproj", "{F8A13FBA-5BE0-4E1B-BCA7-6043720B8E0D}"
EndProject
Project("{FAE04EC0-301F-11D3-BF4B-00C04F79EFBC}") = "Problem_4_2", "Problem_4_2\Problem_4_2.csproj", "{3D49F238-547D-455F-B883-F02D9F5A962C}"
EndProject
Project("{FAE04EC0-301F-11D3-BF4B-00C04F79EFBC}") = "Problem_4_3", "Problem_4_3\Problem_4_3.csproj", "{5E8E1FA7-2C7A-4E33-BC91-78BD19F0F7CF}"
EndProject
Project("{FAE04EC0-301F-11D3-BF4B-00C04F79EFBC}") = "Problem_4_4", "Problem_4_4\Problem_4_4.csproj", "{8E1C25CD-01E3-4C8E-A828-7D47312F1DF1}"
EndProject
Project("{FAE04EC0-301F-11D3-BF4B-00C04F79EFBC}") = "Problem_4_5", "Problem_4_5\Problem_4_5.csproj", "{561F385B-D71A-4A8D-85FD-EF874391ACC3}"
EndProject
Project("{FAE04EC0-301F-11D3-BF4B-00C04F79EFBC}") = "Problem_4_6", "Problem_4_6\Problem_4_6.csproj", "{81B36616-760B-4BE3-B902-93A1249FE3F6}"
EndProject
Project("{FAE04EC0-301F-11D3-BF4B-00C04F79EFBC}") = "Problem_4_7", "Problem_4_7\Problem_4_7.csproj", "{179C3CCC-9776-468D-93F1-2B8D3CCA78C7}"
EndProject
Project("{FAE04EC0-301F-11D3-BF4B-00C04F79EFBC}") = "Problem_4_8", "Problem_4_8\Problem_4_8.csproj", "{1746C4E7-7BBF-44BF-BF3C-B92CDCEE9B1A}"
EndProject
Project("{FAE04EC0-301F-11D3-BF4B-00C04F79EFBC}") = "Problem_4_9", "Problem_4_9\Problem_4_9.csproj", "{5FA1B54A-6C20-4DDF-88FB-8479820A412A}"
EndProject
Project("{FAE04EC0-301F-11D3-BF4B-00C04F79EFBC}") = "Problem_4_10", "Problem_4_10\Problem_4_10.csproj", "{9B849594-EF56-4C0F-9E81-89F4AE435479}"
EndProject
Project("{FAE04EC0-301F-11D3-BF4B-00C04F79EFBC}") = "Problem_4_11", "Problem_4_11\Problem_4_11.csproj", "{A5523821-D8A8-48E2-9B05-6A90BE578D77}"
EndProject
Project("{FAE04EC0-301F-11D3-BF4B-00C04F79EFBC}") = "Problem_4_12", "Problem_4_12\Problem_4_12.csproj", "{01710CD0-B58A-4B9C-8995-06AFD7C08259}"
EndProject
Project("{FAE04EC0-301F-11D3-BF4B-00C04F79EFBC}") = "Problem_4_13", "Problem_4_13\Problem_4_13.csproj", "{25B43443-3BD0-4888-84B4-CC0E6E266973}"
EndProject
Project("{FAE04EC0-301F-11D3-BF4B-00C04F79EFBC}") = "Problem_4_15", "Problem_4_15\Problem_4_15.csproj", "{4D8580F0-EA9F-4ACF-A490-3C7A8FE81278}"
EndProject
Project("{FAE04EC0-301F-11D3-BF4B-00C04F79EFBC}") = "Problem_4_16", "Problem_4_16\Problem_4_16.csproj", "{D32CA2D6-3858-4BC0-B967-7FD2DB633114}"
EndProject
Project("{FAE04EC0-301F-11D3-BF4B-00C04F79EFBC}") = "Problem_4_17", "Problem_4_17\Problem_4_17.csproj", "{DDEEC0E7-F3A5-4EB3-8E8B-70E74E52154B}"
EndProject
Project("{FAE04EC0-301F-11D3-BF4B-00C04F79EFBC}") = "Problem_4_14", "Problem_4_14\Problem_4_14.csproj", "{FCDBCF1D-3B86-4A6A-839E-9E731A11D728}"
EndProject
Project("{FAE04EC0-301F-11D3-BF4B-00C04F79EFBC}") = "Problem_4_18", "Problem_4_18\Problem_4_18.csproj", "{177CD007-1940-415F-8E6B-A38F160BD7D6}"
EndProject
Project("{FAE04EC0-301F-11D3-BF4B-00C04F79EFBC}") = "Problem_5_1", "Problem_5_1\Problem_5_1.csproj", "{62D3BD33-6C50-4112-BE66-2E3270D3974D}"
EndProject
Project("{FAE04EC0-301F-11D3-BF4B-00C04F79EFBC}") = "Problem_5_2", "Problem_5_2\Problem_5_2.csproj", "{598C922D-6F69-4A4A-9FDE-3BFFC007F9F4}"
EndProject
Project("{FAE04EC0-301F-11D3-BF4B-00C04F79EFBC}") = "Problem_5_3", "Problem_5_3\Problem_5_3.csproj", "{9DCE1CE7-EBCE-4BAE-97CD-DCCBF111C359}"
EndProject
Project("{FAE04EC0-301F-11D3-BF4B-00C04F79EFBC}") = "Problem_5_4", "Problem_5_4\Problem_5_4.csproj", "{FE3EA080-0D77-49F9-889D-EE8AFD8A3FC8}"
EndProject
Project("{FAE04EC0-301F-11D3-BF4B-00C04F79EFBC}") = "Problem_5_5", "Problem_5_5\Problem_5_5.csproj", "{2CA18E4D-18B5-44AA-B308-20E9D26198AC}"
EndProject
Project("{FAE04EC0-301F-11D3-BF4B-00C04F79EFBC}") = "Problem_5_6", "Problem_5_6\Problem_5_6.csproj", "{9E71134F-5CC0-4322-84DA-B926FC14307B}"
EndProject
Project("{FAE04EC0-301F-11D3-BF4B-00C04F79EFBC}") = "Problem_5_7", "Problem_5_7\Problem_5_7.csproj", "{1B08ADF1-D9C6-46C1-89D5-22C0DC4D2113}"
EndProject
Project("{FAE04EC0-301F-11D3-BF4B-00C04F79EFBC}") = "Problem_2_1", "Problem_2_1\Problem_2_1.csproj", "{50B91EED-04FB-45AB-B170-E1FDBA61FAA2}"
EndProject
Project("{FAE04EC0-301F-11D3-BF4B-00C04F79EFBC}") = "Problem_5_8", "Problem_5_8\Problem_5_8.csproj", "{EE7B27EF-F67C-4AB6-86DE-72393D503550}"
EndProject
Project("{FAE04EC0-301F-11D3-BF4B-00C04F79EFBC}") = "Problem_5_9", "Problem_5_9\Problem_5_9.csproj", "{923526E6-0CFB-4E93-934D-85E3F5EA6787}"
EndProject
Project("{FAE04EC0-301F-11D3-BF4B-00C04F79EFBC}") = "Problem_5_10", "Problem_5_10\Problem_5_10.csproj", "{C2ACAFA3-81B6-479F-9CFD-8A24B06155AC}"
EndProject
Project("{2150E333-8FDC-42A3-9474-1A3956D46DE8}") = "kiso1", "kiso1", "{F3B3CED1-2246-4B48-A711-2E85292F6E2B}"
EndProject
Project("{2150E333-8FDC-42A3-9474-1A3956D46DE8}") = "kiso2", "kiso2", "{572519B2-03F7-45A6-872E-AB81E2881359}"
EndProject
Project("{2150E333-8FDC-42A3-9474-1A3956D46DE8}") = "kiso3", "kiso3", "{18F6197B-7012-4033-84CA-A84FB3CD1BD3}"
EndProject
Project("{2150E333-8FDC-42A3-9474-1A3956D46DE8}") = "kiso4", "kiso4", "{F0D83F64-5DCD-4EE7-B7EC-59E85301B4E3}"
EndProject
Project("{2150E333-8FDC-42A3-9474-1A3956D46DE8}") = "kiso5", "kiso5", "{A7ACCAE4-7EE8-456C-8C06-775B90090E36}"
EndProject
Project("{FAE04EC0-301F-11D3-BF4B-00C04F79EFBC}") = "Problem_5_11", "Problem_5_11\Problem_5_11.csproj", "{D188F9BC-66C4-453B-8A3A-6B1BA707BBF3}"
EndProject
Project("{FAE04EC0-301F-11D3-BF4B-00C04F79EFBC}") = "Problem_5_12", "Problem_5_12\Problem_5_12.csproj", "{9E638BAF-E055-48B3-98FE-217CDF98EA29}"
EndProject
Project("{FAE04EC0-301F-11D3-BF4B-00C04F79EFBC}") = "Problem_5_13", "Problem_5_13\Problem_5_13.csproj", "{5AFDF64F-3F51-41C5-A0CB-3EA80396495F}"
EndProject
Project("{2150E333-8FDC-42A3-9474-1A3956D46DE8}") = "kiso6", "kiso6", "{D78207BF-63FA-4466-A0F4-4204464D1A76}"
EndProject
Project("{FAE04EC0-301F-11D3-BF4B-00C04F79EFBC}") = "Problem_6_1", "Problem_6_1\Problem_6_1.csproj", "{AED15DCF-CB1A-42C3-815E-FAB55494CEEA}"
EndProject
Project("{FAE04EC0-301F-11D3-BF4B-00C04F79EFBC}") = "Problem_6_2", "Problem_6_2\Problem_6_2.csproj", "{2523B85E-7E49-4D39-ACAA-D587EA024A31}"
EndProject
Project("{FAE04EC0-301F-11D3-BF4B-00C04F79EFBC}") = "Problem_6_3", "Problem_6_3\Problem_6_3.csproj", "{C4131440-5FFC-422E-B459-8E7DCB92D143}"
EndProject
Project("{2150E333-8FDC-42A3-9474-1A3956D46DE8}") = "kiso7", "kiso7", "{550BA649-57B2-4C63-8B15-4357F6133566}"
EndProject
Project("{FAE04EC0-301F-11D3-BF4B-00C04F79EFBC}") = "Problem_7_1", "Problem_7_1\Problem_7_1.csproj", "{6505CE22-04AF-4A2A-BB6E-02A107770F53}"
EndProject
Project("{FAE04EC0-301F-11D3-BF4B-00C04F79EFBC}") = "Problem_7_2", "Problem_7_2\Problem_7_2.csproj", "{17A7DF42-DEBC-4F13-B748-A5077DCF1D40}"
EndProject
Project("{FAE04EC0-301F-11D3-BF4B-00C04F79EFBC}") = "Problem_7_3", "Problem_7_3\Problem_7_3.csproj", "{7EE06D1F-9B10-461D-803B-DBEDD97515E5}"
EndProject
Project("{FAE04EC0-301F-11D3-BF4B-00C04F79EFBC}") = "Problem_8_1", "Problem_8_1\Problem_8_1.csproj", "{6D09209B-40B8-4297-B545-E10BF690A75D}"
EndProject
Project("{2150E333-8FDC-42A3-9474-1A3956D46DE8}") = "kiso8", "kiso8", "{B35439B1-FEEB-4913-B484-558489172DA6}"
EndProject
Project("{FAE04EC0-301F-11D3-BF4B-00C04F79EFBC}") = "Problem_8_2", "Problem_8_2\Problem_8_2.csproj", "{956D5770-ABA7-4B11-9859-776C5B6D9AE2}"
EndProject
Project("{FAE04EC0-301F-11D3-BF4B-00C04F79EFBC}") = "Problem_8_3", "Problem_8_3\Problem_8_3.csproj", "{BF1C159A-2664-4F2F-A345-58661EDFD531}"
EndProject
Project("{FAE04EC0-301F-11D3-BF4B-00C04F79EFBC}") = "Problem_8_4", "Problem_8_4\Problem_8_4.csproj", "{B7E755A5-B004-4B57-A494-3143DEE07F0F}"
EndProject
Project("{FAE04EC0-301F-11D3-BF4B-00C04F79EFBC}") = "Problem_8_5", "Problem_8_5\Problem_8_5.csproj", "{CED8D843-935F-4A7E-835B-3EDE0EE65911}"
EndProject
Project("{FAE04EC0-301F-11D3-BF4B-00C04F79EFBC}") = "Problem_8_6", "Problem_8_6\Problem_8_6.csproj", "{722A28A7-824B-49E0-90AB-B1CB26CA4AAA}"
EndProject
Project("{FAE04EC0-301F-11D3-BF4B-00C04F79EFBC}") = "Problem_8_7", "Problem_8_7\Problem_8_7.csproj", "{284000A3-79C5-48F9-B65E-C9B8B636F739}"
EndProject
Project("{FAE04EC0-301F-11D3-BF4B-00C04F79EFBC}") = "Problem_8_8", "Problem_8_8\Problem_8_8.csproj", "{AE1DA447-A75B-4D38-B76D-6A4BD70BF117}"
EndProject
Project("{FAE04EC0-301F-11D3-BF4B-00C04F79EFBC}") = "Problem_8_9", "Problem_8_9\Problem_8_9.csproj", "{8BCEB97D-9A1E-4B3C-AF89-E0BF29A27C67}"
EndProject
Global
	GlobalSection(SolutionConfigurationPlatforms) = preSolution
		Debug|Any CPU = Debug|Any CPU
		Release|Any CPU = Release|Any CPU
	EndGlobalSection
	GlobalSection(ProjectConfigurationPlatforms) = postSolution
		{00559292-D629-45BB-BE12-6FC8E4E74758}.Debug|Any CPU.ActiveCfg = Debug|Any CPU
		{00559292-D629-45BB-BE12-6FC8E4E74758}.Debug|Any CPU.Build.0 = Debug|Any CPU
		{00559292-D629-45BB-BE12-6FC8E4E74758}.Release|Any CPU.ActiveCfg = Release|Any CPU
		{00559292-D629-45BB-BE12-6FC8E4E74758}.Release|Any CPU.Build.0 = Release|Any CPU
		{896A1522-94A9-45AA-9740-5A7A6CF5857A}.Debug|Any CPU.ActiveCfg = Debug|Any CPU
		{896A1522-94A9-45AA-9740-5A7A6CF5857A}.Debug|Any CPU.Build.0 = Debug|Any CPU
		{896A1522-94A9-45AA-9740-5A7A6CF5857A}.Release|Any CPU.ActiveCfg = Release|Any CPU
		{896A1522-94A9-45AA-9740-5A7A6CF5857A}.Release|Any CPU.Build.0 = Release|Any CPU
		{18CE246A-37EF-4C3B-A8FA-E533C0052629}.Debug|Any CPU.ActiveCfg = Debug|Any CPU
		{18CE246A-37EF-4C3B-A8FA-E533C0052629}.Debug|Any CPU.Build.0 = Debug|Any CPU
		{18CE246A-37EF-4C3B-A8FA-E533C0052629}.Release|Any CPU.ActiveCfg = Release|Any CPU
		{18CE246A-37EF-4C3B-A8FA-E533C0052629}.Release|Any CPU.Build.0 = Release|Any CPU
		{461B9688-4CD7-41AD-ADA4-D1B3C4531095}.Debug|Any CPU.ActiveCfg = Debug|Any CPU
		{461B9688-4CD7-41AD-ADA4-D1B3C4531095}.Debug|Any CPU.Build.0 = Debug|Any CPU
		{461B9688-4CD7-41AD-ADA4-D1B3C4531095}.Release|Any CPU.ActiveCfg = Release|Any CPU
		{461B9688-4CD7-41AD-ADA4-D1B3C4531095}.Release|Any CPU.Build.0 = Release|Any CPU
		{93545C3E-ECC1-41F8-988A-BC5AED5053CF}.Debug|Any CPU.ActiveCfg = Debug|Any CPU
		{93545C3E-ECC1-41F8-988A-BC5AED5053CF}.Debug|Any CPU.Build.0 = Debug|Any CPU
		{93545C3E-ECC1-41F8-988A-BC5AED5053CF}.Release|Any CPU.ActiveCfg = Release|Any CPU
		{93545C3E-ECC1-41F8-988A-BC5AED5053CF}.Release|Any CPU.Build.0 = Release|Any CPU
		{55AFBCD9-065B-434A-8F55-CC3EBC16D706}.Debug|Any CPU.ActiveCfg = Debug|Any CPU
		{55AFBCD9-065B-434A-8F55-CC3EBC16D706}.Debug|Any CPU.Build.0 = Debug|Any CPU
		{55AFBCD9-065B-434A-8F55-CC3EBC16D706}.Release|Any CPU.ActiveCfg = Release|Any CPU
		{55AFBCD9-065B-434A-8F55-CC3EBC16D706}.Release|Any CPU.Build.0 = Release|Any CPU
		{CA283AFD-8DDE-4667-A2C6-279EBDCCE8F1}.Debug|Any CPU.ActiveCfg = Debug|Any CPU
		{CA283AFD-8DDE-4667-A2C6-279EBDCCE8F1}.Debug|Any CPU.Build.0 = Debug|Any CPU
		{CA283AFD-8DDE-4667-A2C6-279EBDCCE8F1}.Release|Any CPU.ActiveCfg = Release|Any CPU
		{CA283AFD-8DDE-4667-A2C6-279EBDCCE8F1}.Release|Any CPU.Build.0 = Release|Any CPU
		{80ACA65F-4370-4A54-A6C6-1FF1DB97AF26}.Debug|Any CPU.ActiveCfg = Debug|Any CPU
		{80ACA65F-4370-4A54-A6C6-1FF1DB97AF26}.Debug|Any CPU.Build.0 = Debug|Any CPU
		{80ACA65F-4370-4A54-A6C6-1FF1DB97AF26}.Release|Any CPU.ActiveCfg = Release|Any CPU
		{80ACA65F-4370-4A54-A6C6-1FF1DB97AF26}.Release|Any CPU.Build.0 = Release|Any CPU
		{D6D71215-9ED4-4BE3-9722-FDC49AD72BF8}.Debug|Any CPU.ActiveCfg = Debug|Any CPU
		{D6D71215-9ED4-4BE3-9722-FDC49AD72BF8}.Debug|Any CPU.Build.0 = Debug|Any CPU
		{D6D71215-9ED4-4BE3-9722-FDC49AD72BF8}.Release|Any CPU.ActiveCfg = Release|Any CPU
		{D6D71215-9ED4-4BE3-9722-FDC49AD72BF8}.Release|Any CPU.Build.0 = Release|Any CPU
		{2A5B4B1F-D006-45D9-A172-28A3C3C23223}.Debug|Any CPU.ActiveCfg = Debug|Any CPU
		{2A5B4B1F-D006-45D9-A172-28A3C3C23223}.Debug|Any CPU.Build.0 = Debug|Any CPU
		{2A5B4B1F-D006-45D9-A172-28A3C3C23223}.Release|Any CPU.ActiveCfg = Release|Any CPU
		{2A5B4B1F-D006-45D9-A172-28A3C3C23223}.Release|Any CPU.Build.0 = Release|Any CPU
		{FE8BA697-0D62-4982-AF38-BB119B05F3DE}.Debug|Any CPU.ActiveCfg = Debug|Any CPU
		{FE8BA697-0D62-4982-AF38-BB119B05F3DE}.Debug|Any CPU.Build.0 = Debug|Any CPU
		{FE8BA697-0D62-4982-AF38-BB119B05F3DE}.Release|Any CPU.ActiveCfg = Release|Any CPU
		{FE8BA697-0D62-4982-AF38-BB119B05F3DE}.Release|Any CPU.Build.0 = Release|Any CPU
		{F3691CE1-248A-426B-B1D6-21D3C7967BF4}.Debug|Any CPU.ActiveCfg = Debug|Any CPU
		{F3691CE1-248A-426B-B1D6-21D3C7967BF4}.Debug|Any CPU.Build.0 = Debug|Any CPU
		{F3691CE1-248A-426B-B1D6-21D3C7967BF4}.Release|Any CPU.ActiveCfg = Release|Any CPU
		{F3691CE1-248A-426B-B1D6-21D3C7967BF4}.Release|Any CPU.Build.0 = Release|Any CPU
		{5124F8CD-E169-4434-A5CE-43AD8AE82BC8}.Debug|Any CPU.ActiveCfg = Debug|Any CPU
		{5124F8CD-E169-4434-A5CE-43AD8AE82BC8}.Debug|Any CPU.Build.0 = Debug|Any CPU
		{5124F8CD-E169-4434-A5CE-43AD8AE82BC8}.Release|Any CPU.ActiveCfg = Release|Any CPU
		{5124F8CD-E169-4434-A5CE-43AD8AE82BC8}.Release|Any CPU.Build.0 = Release|Any CPU
		{F290BB88-2625-48BE-8DE8-81D0B3AC29C3}.Debug|Any CPU.ActiveCfg = Debug|Any CPU
		{F290BB88-2625-48BE-8DE8-81D0B3AC29C3}.Debug|Any CPU.Build.0 = Debug|Any CPU
		{F290BB88-2625-48BE-8DE8-81D0B3AC29C3}.Release|Any CPU.ActiveCfg = Release|Any CPU
		{F290BB88-2625-48BE-8DE8-81D0B3AC29C3}.Release|Any CPU.Build.0 = Release|Any CPU
		{94F44251-2D94-455F-8897-E906DF2FA057}.Debug|Any CPU.ActiveCfg = Debug|Any CPU
		{94F44251-2D94-455F-8897-E906DF2FA057}.Debug|Any CPU.Build.0 = Debug|Any CPU
		{94F44251-2D94-455F-8897-E906DF2FA057}.Release|Any CPU.ActiveCfg = Release|Any CPU
		{94F44251-2D94-455F-8897-E906DF2FA057}.Release|Any CPU.Build.0 = Release|Any CPU
		{A113728E-7FCC-473E-AF54-0F54810C4D8F}.Debug|Any CPU.ActiveCfg = Debug|Any CPU
		{A113728E-7FCC-473E-AF54-0F54810C4D8F}.Debug|Any CPU.Build.0 = Debug|Any CPU
		{A113728E-7FCC-473E-AF54-0F54810C4D8F}.Release|Any CPU.ActiveCfg = Release|Any CPU
		{A113728E-7FCC-473E-AF54-0F54810C4D8F}.Release|Any CPU.Build.0 = Release|Any CPU
		{8A17EB86-2DFA-475A-80CA-4F1469BC3740}.Debug|Any CPU.ActiveCfg = Debug|Any CPU
		{8A17EB86-2DFA-475A-80CA-4F1469BC3740}.Debug|Any CPU.Build.0 = Debug|Any CPU
		{8A17EB86-2DFA-475A-80CA-4F1469BC3740}.Release|Any CPU.ActiveCfg = Release|Any CPU
		{8A17EB86-2DFA-475A-80CA-4F1469BC3740}.Release|Any CPU.Build.0 = Release|Any CPU
		{933BD8DB-0004-409D-A93D-9166A2B7EDFF}.Debug|Any CPU.ActiveCfg = Debug|Any CPU
		{933BD8DB-0004-409D-A93D-9166A2B7EDFF}.Debug|Any CPU.Build.0 = Debug|Any CPU
		{933BD8DB-0004-409D-A93D-9166A2B7EDFF}.Release|Any CPU.ActiveCfg = Release|Any CPU
		{933BD8DB-0004-409D-A93D-9166A2B7EDFF}.Release|Any CPU.Build.0 = Release|Any CPU
		{24A7E857-A32C-4776-86B6-EEFBEAECB44F}.Debug|Any CPU.ActiveCfg = Debug|Any CPU
		{24A7E857-A32C-4776-86B6-EEFBEAECB44F}.Debug|Any CPU.Build.0 = Debug|Any CPU
		{24A7E857-A32C-4776-86B6-EEFBEAECB44F}.Release|Any CPU.ActiveCfg = Release|Any CPU
		{24A7E857-A32C-4776-86B6-EEFBEAECB44F}.Release|Any CPU.Build.0 = Release|Any CPU
		{68BE40FA-8683-4322-9A1D-A3993EB8A0F6}.Debug|Any CPU.ActiveCfg = Debug|Any CPU
		{68BE40FA-8683-4322-9A1D-A3993EB8A0F6}.Debug|Any CPU.Build.0 = Debug|Any CPU
		{68BE40FA-8683-4322-9A1D-A3993EB8A0F6}.Release|Any CPU.ActiveCfg = Release|Any CPU
		{68BE40FA-8683-4322-9A1D-A3993EB8A0F6}.Release|Any CPU.Build.0 = Release|Any CPU
		{F44A4542-2A35-470E-9CC8-0564A54D5C3D}.Debug|Any CPU.ActiveCfg = Debug|Any CPU
		{F44A4542-2A35-470E-9CC8-0564A54D5C3D}.Debug|Any CPU.Build.0 = Debug|Any CPU
		{F44A4542-2A35-470E-9CC8-0564A54D5C3D}.Release|Any CPU.ActiveCfg = Release|Any CPU
		{F44A4542-2A35-470E-9CC8-0564A54D5C3D}.Release|Any CPU.Build.0 = Release|Any CPU
		{1186C929-2871-491D-8796-2AE7CD0F30C4}.Debug|Any CPU.ActiveCfg = Debug|Any CPU
		{1186C929-2871-491D-8796-2AE7CD0F30C4}.Debug|Any CPU.Build.0 = Debug|Any CPU
		{1186C929-2871-491D-8796-2AE7CD0F30C4}.Release|Any CPU.ActiveCfg = Release|Any CPU
		{1186C929-2871-491D-8796-2AE7CD0F30C4}.Release|Any CPU.Build.0 = Release|Any CPU
		{11BCCA7C-2FD9-4378-89AC-78ED532A75A7}.Debug|Any CPU.ActiveCfg = Debug|Any CPU
		{11BCCA7C-2FD9-4378-89AC-78ED532A75A7}.Debug|Any CPU.Build.0 = Debug|Any CPU
		{11BCCA7C-2FD9-4378-89AC-78ED532A75A7}.Release|Any CPU.ActiveCfg = Release|Any CPU
		{11BCCA7C-2FD9-4378-89AC-78ED532A75A7}.Release|Any CPU.Build.0 = Release|Any CPU
		{A8372D3E-8385-449D-8969-99B225ABFDA3}.Debug|Any CPU.ActiveCfg = Debug|Any CPU
		{A8372D3E-8385-449D-8969-99B225ABFDA3}.Debug|Any CPU.Build.0 = Debug|Any CPU
		{A8372D3E-8385-449D-8969-99B225ABFDA3}.Release|Any CPU.ActiveCfg = Release|Any CPU
		{A8372D3E-8385-449D-8969-99B225ABFDA3}.Release|Any CPU.Build.0 = Release|Any CPU
		{F8A13FBA-5BE0-4E1B-BCA7-6043720B8E0D}.Debug|Any CPU.ActiveCfg = Debug|Any CPU
		{F8A13FBA-5BE0-4E1B-BCA7-6043720B8E0D}.Debug|Any CPU.Build.0 = Debug|Any CPU
		{F8A13FBA-5BE0-4E1B-BCA7-6043720B8E0D}.Release|Any CPU.ActiveCfg = Release|Any CPU
		{F8A13FBA-5BE0-4E1B-BCA7-6043720B8E0D}.Release|Any CPU.Build.0 = Release|Any CPU
		{3D49F238-547D-455F-B883-F02D9F5A962C}.Debug|Any CPU.ActiveCfg = Debug|Any CPU
		{3D49F238-547D-455F-B883-F02D9F5A962C}.Debug|Any CPU.Build.0 = Debug|Any CPU
		{3D49F238-547D-455F-B883-F02D9F5A962C}.Release|Any CPU.ActiveCfg = Release|Any CPU
		{3D49F238-547D-455F-B883-F02D9F5A962C}.Release|Any CPU.Build.0 = Release|Any CPU
		{5E8E1FA7-2C7A-4E33-BC91-78BD19F0F7CF}.Debug|Any CPU.ActiveCfg = Debug|Any CPU
		{5E8E1FA7-2C7A-4E33-BC91-78BD19F0F7CF}.Debug|Any CPU.Build.0 = Debug|Any CPU
		{5E8E1FA7-2C7A-4E33-BC91-78BD19F0F7CF}.Release|Any CPU.ActiveCfg = Release|Any CPU
		{5E8E1FA7-2C7A-4E33-BC91-78BD19F0F7CF}.Release|Any CPU.Build.0 = Release|Any CPU
		{8E1C25CD-01E3-4C8E-A828-7D47312F1DF1}.Debug|Any CPU.ActiveCfg = Debug|Any CPU
		{8E1C25CD-01E3-4C8E-A828-7D47312F1DF1}.Debug|Any CPU.Build.0 = Debug|Any CPU
		{8E1C25CD-01E3-4C8E-A828-7D47312F1DF1}.Release|Any CPU.ActiveCfg = Release|Any CPU
		{8E1C25CD-01E3-4C8E-A828-7D47312F1DF1}.Release|Any CPU.Build.0 = Release|Any CPU
		{561F385B-D71A-4A8D-85FD-EF874391ACC3}.Debug|Any CPU.ActiveCfg = Debug|Any CPU
		{561F385B-D71A-4A8D-85FD-EF874391ACC3}.Debug|Any CPU.Build.0 = Debug|Any CPU
		{561F385B-D71A-4A8D-85FD-EF874391ACC3}.Release|Any CPU.ActiveCfg = Release|Any CPU
		{561F385B-D71A-4A8D-85FD-EF874391ACC3}.Release|Any CPU.Build.0 = Release|Any CPU
		{81B36616-760B-4BE3-B902-93A1249FE3F6}.Debug|Any CPU.ActiveCfg = Debug|Any CPU
		{81B36616-760B-4BE3-B902-93A1249FE3F6}.Debug|Any CPU.Build.0 = Debug|Any CPU
		{81B36616-760B-4BE3-B902-93A1249FE3F6}.Release|Any CPU.ActiveCfg = Release|Any CPU
		{81B36616-760B-4BE3-B902-93A1249FE3F6}.Release|Any CPU.Build.0 = Release|Any CPU
		{179C3CCC-9776-468D-93F1-2B8D3CCA78C7}.Debug|Any CPU.ActiveCfg = Debug|Any CPU
		{179C3CCC-9776-468D-93F1-2B8D3CCA78C7}.Debug|Any CPU.Build.0 = Debug|Any CPU
		{179C3CCC-9776-468D-93F1-2B8D3CCA78C7}.Release|Any CPU.ActiveCfg = Release|Any CPU
		{179C3CCC-9776-468D-93F1-2B8D3CCA78C7}.Release|Any CPU.Build.0 = Release|Any CPU
		{1746C4E7-7BBF-44BF-BF3C-B92CDCEE9B1A}.Debug|Any CPU.ActiveCfg = Debug|Any CPU
		{1746C4E7-7BBF-44BF-BF3C-B92CDCEE9B1A}.Debug|Any CPU.Build.0 = Debug|Any CPU
		{1746C4E7-7BBF-44BF-BF3C-B92CDCEE9B1A}.Release|Any CPU.ActiveCfg = Release|Any CPU
		{1746C4E7-7BBF-44BF-BF3C-B92CDCEE9B1A}.Release|Any CPU.Build.0 = Release|Any CPU
		{5FA1B54A-6C20-4DDF-88FB-8479820A412A}.Debug|Any CPU.ActiveCfg = Debug|Any CPU
		{5FA1B54A-6C20-4DDF-88FB-8479820A412A}.Debug|Any CPU.Build.0 = Debug|Any CPU
		{5FA1B54A-6C20-4DDF-88FB-8479820A412A}.Release|Any CPU.ActiveCfg = Release|Any CPU
		{5FA1B54A-6C20-4DDF-88FB-8479820A412A}.Release|Any CPU.Build.0 = Release|Any CPU
		{9B849594-EF56-4C0F-9E81-89F4AE435479}.Debug|Any CPU.ActiveCfg = Debug|Any CPU
		{9B849594-EF56-4C0F-9E81-89F4AE435479}.Debug|Any CPU.Build.0 = Debug|Any CPU
		{9B849594-EF56-4C0F-9E81-89F4AE435479}.Release|Any CPU.ActiveCfg = Release|Any CPU
		{9B849594-EF56-4C0F-9E81-89F4AE435479}.Release|Any CPU.Build.0 = Release|Any CPU
		{A5523821-D8A8-48E2-9B05-6A90BE578D77}.Debug|Any CPU.ActiveCfg = Debug|Any CPU
		{A5523821-D8A8-48E2-9B05-6A90BE578D77}.Debug|Any CPU.Build.0 = Debug|Any CPU
		{A5523821-D8A8-48E2-9B05-6A90BE578D77}.Release|Any CPU.ActiveCfg = Release|Any CPU
		{A5523821-D8A8-48E2-9B05-6A90BE578D77}.Release|Any CPU.Build.0 = Release|Any CPU
		{01710CD0-B58A-4B9C-8995-06AFD7C08259}.Debug|Any CPU.ActiveCfg = Debug|Any CPU
		{01710CD0-B58A-4B9C-8995-06AFD7C08259}.Debug|Any CPU.Build.0 = Debug|Any CPU
		{01710CD0-B58A-4B9C-8995-06AFD7C08259}.Release|Any CPU.ActiveCfg = Release|Any CPU
		{01710CD0-B58A-4B9C-8995-06AFD7C08259}.Release|Any CPU.Build.0 = Release|Any CPU
		{25B43443-3BD0-4888-84B4-CC0E6E266973}.Debug|Any CPU.ActiveCfg = Debug|Any CPU
		{25B43443-3BD0-4888-84B4-CC0E6E266973}.Debug|Any CPU.Build.0 = Debug|Any CPU
		{25B43443-3BD0-4888-84B4-CC0E6E266973}.Release|Any CPU.ActiveCfg = Release|Any CPU
		{25B43443-3BD0-4888-84B4-CC0E6E266973}.Release|Any CPU.Build.0 = Release|Any CPU
		{4D8580F0-EA9F-4ACF-A490-3C7A8FE81278}.Debug|Any CPU.ActiveCfg = Debug|Any CPU
		{4D8580F0-EA9F-4ACF-A490-3C7A8FE81278}.Debug|Any CPU.Build.0 = Debug|Any CPU
		{4D8580F0-EA9F-4ACF-A490-3C7A8FE81278}.Release|Any CPU.ActiveCfg = Release|Any CPU
		{4D8580F0-EA9F-4ACF-A490-3C7A8FE81278}.Release|Any CPU.Build.0 = Release|Any CPU
		{D32CA2D6-3858-4BC0-B967-7FD2DB633114}.Debug|Any CPU.ActiveCfg = Debug|Any CPU
		{D32CA2D6-3858-4BC0-B967-7FD2DB633114}.Debug|Any CPU.Build.0 = Debug|Any CPU
		{D32CA2D6-3858-4BC0-B967-7FD2DB633114}.Release|Any CPU.ActiveCfg = Release|Any CPU
		{D32CA2D6-3858-4BC0-B967-7FD2DB633114}.Release|Any CPU.Build.0 = Release|Any CPU
		{DDEEC0E7-F3A5-4EB3-8E8B-70E74E52154B}.Debug|Any CPU.ActiveCfg = Debug|Any CPU
		{DDEEC0E7-F3A5-4EB3-8E8B-70E74E52154B}.Debug|Any CPU.Build.0 = Debug|Any CPU
		{DDEEC0E7-F3A5-4EB3-8E8B-70E74E52154B}.Release|Any CPU.ActiveCfg = Release|Any CPU
		{DDEEC0E7-F3A5-4EB3-8E8B-70E74E52154B}.Release|Any CPU.Build.0 = Release|Any CPU
		{FCDBCF1D-3B86-4A6A-839E-9E731A11D728}.Debug|Any CPU.ActiveCfg = Debug|Any CPU
		{FCDBCF1D-3B86-4A6A-839E-9E731A11D728}.Debug|Any CPU.Build.0 = Debug|Any CPU
		{FCDBCF1D-3B86-4A6A-839E-9E731A11D728}.Release|Any CPU.ActiveCfg = Release|Any CPU
		{FCDBCF1D-3B86-4A6A-839E-9E731A11D728}.Release|Any CPU.Build.0 = Release|Any CPU
		{177CD007-1940-415F-8E6B-A38F160BD7D6}.Debug|Any CPU.ActiveCfg = Debug|Any CPU
		{177CD007-1940-415F-8E6B-A38F160BD7D6}.Debug|Any CPU.Build.0 = Debug|Any CPU
		{177CD007-1940-415F-8E6B-A38F160BD7D6}.Release|Any CPU.ActiveCfg = Release|Any CPU
		{177CD007-1940-415F-8E6B-A38F160BD7D6}.Release|Any CPU.Build.0 = Release|Any CPU
		{62D3BD33-6C50-4112-BE66-2E3270D3974D}.Debug|Any CPU.ActiveCfg = Debug|Any CPU
		{62D3BD33-6C50-4112-BE66-2E3270D3974D}.Debug|Any CPU.Build.0 = Debug|Any CPU
		{62D3BD33-6C50-4112-BE66-2E3270D3974D}.Release|Any CPU.ActiveCfg = Release|Any CPU
		{62D3BD33-6C50-4112-BE66-2E3270D3974D}.Release|Any CPU.Build.0 = Release|Any CPU
		{598C922D-6F69-4A4A-9FDE-3BFFC007F9F4}.Debug|Any CPU.ActiveCfg = Debug|Any CPU
		{598C922D-6F69-4A4A-9FDE-3BFFC007F9F4}.Debug|Any CPU.Build.0 = Debug|Any CPU
		{598C922D-6F69-4A4A-9FDE-3BFFC007F9F4}.Release|Any CPU.ActiveCfg = Release|Any CPU
		{598C922D-6F69-4A4A-9FDE-3BFFC007F9F4}.Release|Any CPU.Build.0 = Release|Any CPU
		{9DCE1CE7-EBCE-4BAE-97CD-DCCBF111C359}.Debug|Any CPU.ActiveCfg = Debug|Any CPU
		{9DCE1CE7-EBCE-4BAE-97CD-DCCBF111C359}.Debug|Any CPU.Build.0 = Debug|Any CPU
		{9DCE1CE7-EBCE-4BAE-97CD-DCCBF111C359}.Release|Any CPU.ActiveCfg = Release|Any CPU
		{9DCE1CE7-EBCE-4BAE-97CD-DCCBF111C359}.Release|Any CPU.Build.0 = Release|Any CPU
		{FE3EA080-0D77-49F9-889D-EE8AFD8A3FC8}.Debug|Any CPU.ActiveCfg = Debug|Any CPU
		{FE3EA080-0D77-49F9-889D-EE8AFD8A3FC8}.Debug|Any CPU.Build.0 = Debug|Any CPU
		{FE3EA080-0D77-49F9-889D-EE8AFD8A3FC8}.Release|Any CPU.ActiveCfg = Release|Any CPU
		{FE3EA080-0D77-49F9-889D-EE8AFD8A3FC8}.Release|Any CPU.Build.0 = Release|Any CPU
		{2CA18E4D-18B5-44AA-B308-20E9D26198AC}.Debug|Any CPU.ActiveCfg = Debug|Any CPU
		{2CA18E4D-18B5-44AA-B308-20E9D26198AC}.Debug|Any CPU.Build.0 = Debug|Any CPU
		{2CA18E4D-18B5-44AA-B308-20E9D26198AC}.Release|Any CPU.ActiveCfg = Release|Any CPU
		{2CA18E4D-18B5-44AA-B308-20E9D26198AC}.Release|Any CPU.Build.0 = Release|Any CPU
		{9E71134F-5CC0-4322-84DA-B926FC14307B}.Debug|Any CPU.ActiveCfg = Debug|Any CPU
		{9E71134F-5CC0-4322-84DA-B926FC14307B}.Debug|Any CPU.Build.0 = Debug|Any CPU
		{9E71134F-5CC0-4322-84DA-B926FC14307B}.Release|Any CPU.ActiveCfg = Release|Any CPU
		{9E71134F-5CC0-4322-84DA-B926FC14307B}.Release|Any CPU.Build.0 = Release|Any CPU
		{1B08ADF1-D9C6-46C1-89D5-22C0DC4D2113}.Debug|Any CPU.ActiveCfg = Debug|Any CPU
		{1B08ADF1-D9C6-46C1-89D5-22C0DC4D2113}.Debug|Any CPU.Build.0 = Debug|Any CPU
		{1B08ADF1-D9C6-46C1-89D5-22C0DC4D2113}.Release|Any CPU.ActiveCfg = Release|Any CPU
		{1B08ADF1-D9C6-46C1-89D5-22C0DC4D2113}.Release|Any CPU.Build.0 = Release|Any CPU
		{50B91EED-04FB-45AB-B170-E1FDBA61FAA2}.Debug|Any CPU.ActiveCfg = Debug|Any CPU
		{50B91EED-04FB-45AB-B170-E1FDBA61FAA2}.Debug|Any CPU.Build.0 = Debug|Any CPU
		{50B91EED-04FB-45AB-B170-E1FDBA61FAA2}.Release|Any CPU.ActiveCfg = Release|Any CPU
		{50B91EED-04FB-45AB-B170-E1FDBA61FAA2}.Release|Any CPU.Build.0 = Release|Any CPU
		{EE7B27EF-F67C-4AB6-86DE-72393D503550}.Debug|Any CPU.ActiveCfg = Debug|Any CPU
		{EE7B27EF-F67C-4AB6-86DE-72393D503550}.Debug|Any CPU.Build.0 = Debug|Any CPU
		{EE7B27EF-F67C-4AB6-86DE-72393D503550}.Release|Any CPU.ActiveCfg = Release|Any CPU
		{EE7B27EF-F67C-4AB6-86DE-72393D503550}.Release|Any CPU.Build.0 = Release|Any CPU
		{923526E6-0CFB-4E93-934D-85E3F5EA6787}.Debug|Any CPU.ActiveCfg = Debug|Any CPU
		{923526E6-0CFB-4E93-934D-85E3F5EA6787}.Debug|Any CPU.Build.0 = Debug|Any CPU
		{923526E6-0CFB-4E93-934D-85E3F5EA6787}.Release|Any CPU.ActiveCfg = Release|Any CPU
		{923526E6-0CFB-4E93-934D-85E3F5EA6787}.Release|Any CPU.Build.0 = Release|Any CPU
		{C2ACAFA3-81B6-479F-9CFD-8A24B06155AC}.Debug|Any CPU.ActiveCfg = Debug|Any CPU
		{C2ACAFA3-81B6-479F-9CFD-8A24B06155AC}.Debug|Any CPU.Build.0 = Debug|Any CPU
		{C2ACAFA3-81B6-479F-9CFD-8A24B06155AC}.Release|Any CPU.ActiveCfg = Release|Any CPU
		{C2ACAFA3-81B6-479F-9CFD-8A24B06155AC}.Release|Any CPU.Build.0 = Release|Any CPU
		{D188F9BC-66C4-453B-8A3A-6B1BA707BBF3}.Debug|Any CPU.ActiveCfg = Debug|Any CPU
		{D188F9BC-66C4-453B-8A3A-6B1BA707BBF3}.Debug|Any CPU.Build.0 = Debug|Any CPU
		{D188F9BC-66C4-453B-8A3A-6B1BA707BBF3}.Release|Any CPU.ActiveCfg = Release|Any CPU
		{D188F9BC-66C4-453B-8A3A-6B1BA707BBF3}.Release|Any CPU.Build.0 = Release|Any CPU
		{9E638BAF-E055-48B3-98FE-217CDF98EA29}.Debug|Any CPU.ActiveCfg = Debug|Any CPU
		{9E638BAF-E055-48B3-98FE-217CDF98EA29}.Debug|Any CPU.Build.0 = Debug|Any CPU
		{9E638BAF-E055-48B3-98FE-217CDF98EA29}.Release|Any CPU.ActiveCfg = Release|Any CPU
		{9E638BAF-E055-48B3-98FE-217CDF98EA29}.Release|Any CPU.Build.0 = Release|Any CPU
		{5AFDF64F-3F51-41C5-A0CB-3EA80396495F}.Debug|Any CPU.ActiveCfg = Debug|Any CPU
		{5AFDF64F-3F51-41C5-A0CB-3EA80396495F}.Debug|Any CPU.Build.0 = Debug|Any CPU
		{5AFDF64F-3F51-41C5-A0CB-3EA80396495F}.Release|Any CPU.ActiveCfg = Release|Any CPU
		{5AFDF64F-3F51-41C5-A0CB-3EA80396495F}.Release|Any CPU.Build.0 = Release|Any CPU
		{AED15DCF-CB1A-42C3-815E-FAB55494CEEA}.Debug|Any CPU.ActiveCfg = Debug|Any CPU
		{AED15DCF-CB1A-42C3-815E-FAB55494CEEA}.Debug|Any CPU.Build.0 = Debug|Any CPU
		{AED15DCF-CB1A-42C3-815E-FAB55494CEEA}.Release|Any CPU.ActiveCfg = Release|Any CPU
		{AED15DCF-CB1A-42C3-815E-FAB55494CEEA}.Release|Any CPU.Build.0 = Release|Any CPU
		{2523B85E-7E49-4D39-ACAA-D587EA024A31}.Debug|Any CPU.ActiveCfg = Debug|Any CPU
		{2523B85E-7E49-4D39-ACAA-D587EA024A31}.Debug|Any CPU.Build.0 = Debug|Any CPU
		{2523B85E-7E49-4D39-ACAA-D587EA024A31}.Release|Any CPU.ActiveCfg = Release|Any CPU
		{2523B85E-7E49-4D39-ACAA-D587EA024A31}.Release|Any CPU.Build.0 = Release|Any CPU
		{C4131440-5FFC-422E-B459-8E7DCB92D143}.Debug|Any CPU.ActiveCfg = Debug|Any CPU
		{C4131440-5FFC-422E-B459-8E7DCB92D143}.Debug|Any CPU.Build.0 = Debug|Any CPU
		{C4131440-5FFC-422E-B459-8E7DCB92D143}.Release|Any CPU.ActiveCfg = Release|Any CPU
		{C4131440-5FFC-422E-B459-8E7DCB92D143}.Release|Any CPU.Build.0 = Release|Any CPU
		{6505CE22-04AF-4A2A-BB6E-02A107770F53}.Debug|Any CPU.ActiveCfg = Debug|Any CPU
		{6505CE22-04AF-4A2A-BB6E-02A107770F53}.Debug|Any CPU.Build.0 = Debug|Any CPU
		{6505CE22-04AF-4A2A-BB6E-02A107770F53}.Release|Any CPU.ActiveCfg = Release|Any CPU
		{6505CE22-04AF-4A2A-BB6E-02A107770F53}.Release|Any CPU.Build.0 = Release|Any CPU
		{17A7DF42-DEBC-4F13-B748-A5077DCF1D40}.Debug|Any CPU.ActiveCfg = Debug|Any CPU
		{17A7DF42-DEBC-4F13-B748-A5077DCF1D40}.Debug|Any CPU.Build.0 = Debug|Any CPU
		{17A7DF42-DEBC-4F13-B748-A5077DCF1D40}.Release|Any CPU.ActiveCfg = Release|Any CPU
		{17A7DF42-DEBC-4F13-B748-A5077DCF1D40}.Release|Any CPU.Build.0 = Release|Any CPU
		{7EE06D1F-9B10-461D-803B-DBEDD97515E5}.Debug|Any CPU.ActiveCfg = Debug|Any CPU
		{7EE06D1F-9B10-461D-803B-DBEDD97515E5}.Debug|Any CPU.Build.0 = Debug|Any CPU
		{7EE06D1F-9B10-461D-803B-DBEDD97515E5}.Release|Any CPU.ActiveCfg = Release|Any CPU
		{7EE06D1F-9B10-461D-803B-DBEDD97515E5}.Release|Any CPU.Build.0 = Release|Any CPU
		{6D09209B-40B8-4297-B545-E10BF690A75D}.Debug|Any CPU.ActiveCfg = Debug|Any CPU
		{6D09209B-40B8-4297-B545-E10BF690A75D}.Debug|Any CPU.Build.0 = Debug|Any CPU
		{6D09209B-40B8-4297-B545-E10BF690A75D}.Release|Any CPU.ActiveCfg = Release|Any CPU
		{6D09209B-40B8-4297-B545-E10BF690A75D}.Release|Any CPU.Build.0 = Release|Any CPU
		{956D5770-ABA7-4B11-9859-776C5B6D9AE2}.Debug|Any CPU.ActiveCfg = Debug|Any CPU
		{956D5770-ABA7-4B11-9859-776C5B6D9AE2}.Debug|Any CPU.Build.0 = Debug|Any CPU
		{956D5770-ABA7-4B11-9859-776C5B6D9AE2}.Release|Any CPU.ActiveCfg = Release|Any CPU
		{956D5770-ABA7-4B11-9859-776C5B6D9AE2}.Release|Any CPU.Build.0 = Release|Any CPU
		{BF1C159A-2664-4F2F-A345-58661EDFD531}.Debug|Any CPU.ActiveCfg = Debug|Any CPU
		{BF1C159A-2664-4F2F-A345-58661EDFD531}.Debug|Any CPU.Build.0 = Debug|Any CPU
		{BF1C159A-2664-4F2F-A345-58661EDFD531}.Release|Any CPU.ActiveCfg = Release|Any CPU
		{BF1C159A-2664-4F2F-A345-58661EDFD531}.Release|Any CPU.Build.0 = Release|Any CPU
		{B7E755A5-B004-4B57-A494-3143DEE07F0F}.Debug|Any CPU.ActiveCfg = Debug|Any CPU
		{B7E755A5-B004-4B57-A494-3143DEE07F0F}.Debug|Any CPU.Build.0 = Debug|Any CPU
		{B7E755A5-B004-4B57-A494-3143DEE07F0F}.Release|Any CPU.ActiveCfg = Release|Any CPU
		{B7E755A5-B004-4B57-A494-3143DEE07F0F}.Release|Any CPU.Build.0 = Release|Any CPU
		{CED8D843-935F-4A7E-835B-3EDE0EE65911}.Debug|Any CPU.ActiveCfg = Debug|Any CPU
		{CED8D843-935F-4A7E-835B-3EDE0EE65911}.Debug|Any CPU.Build.0 = Debug|Any CPU
		{CED8D843-935F-4A7E-835B-3EDE0EE65911}.Release|Any CPU.ActiveCfg = Release|Any CPU
		{CED8D843-935F-4A7E-835B-3EDE0EE65911}.Release|Any CPU.Build.0 = Release|Any CPU
		{722A28A7-824B-49E0-90AB-B1CB26CA4AAA}.Debug|Any CPU.ActiveCfg = Debug|Any CPU
		{722A28A7-824B-49E0-90AB-B1CB26CA4AAA}.Debug|Any CPU.Build.0 = Debug|Any CPU
		{722A28A7-824B-49E0-90AB-B1CB26CA4AAA}.Release|Any CPU.ActiveCfg = Release|Any CPU
		{722A28A7-824B-49E0-90AB-B1CB26CA4AAA}.Release|Any CPU.Build.0 = Release|Any CPU
		{284000A3-79C5-48F9-B65E-C9B8B636F739}.Debug|Any CPU.ActiveCfg = Debug|Any CPU
		{284000A3-79C5-48F9-B65E-C9B8B636F739}.Debug|Any CPU.Build.0 = Debug|Any CPU
		{284000A3-79C5-48F9-B65E-C9B8B636F739}.Release|Any CPU.ActiveCfg = Release|Any CPU
		{284000A3-79C5-48F9-B65E-C9B8B636F739}.Release|Any CPU.Build.0 = Release|Any CPU
		{AE1DA447-A75B-4D38-B76D-6A4BD70BF117}.Debug|Any CPU.ActiveCfg = Debug|Any CPU
		{AE1DA447-A75B-4D38-B76D-6A4BD70BF117}.Debug|Any CPU.Build.0 = Debug|Any CPU
		{AE1DA447-A75B-4D38-B76D-6A4BD70BF117}.Release|Any CPU.ActiveCfg = Release|Any CPU
		{AE1DA447-A75B-4D38-B76D-6A4BD70BF117}.Release|Any CPU.Build.0 = Release|Any CPU
		{8BCEB97D-9A1E-4B3C-AF89-E0BF29A27C67}.Debug|Any CPU.ActiveCfg = Debug|Any CPU
		{8BCEB97D-9A1E-4B3C-AF89-E0BF29A27C67}.Debug|Any CPU.Build.0 = Debug|Any CPU
		{8BCEB97D-9A1E-4B3C-AF89-E0BF29A27C67}.Release|Any CPU.ActiveCfg = Release|Any CPU
		{8BCEB97D-9A1E-4B3C-AF89-E0BF29A27C67}.Release|Any CPU.Build.0 = Release|Any CPU
	EndGlobalSection
	GlobalSection(SolutionProperties) = preSolution
		HideSolutionNode = FALSE
	EndGlobalSection
	GlobalSection(NestedProjects) = preSolution
		{00559292-D629-45BB-BE12-6FC8E4E74758} = {F3B3CED1-2246-4B48-A711-2E85292F6E2B}
		{896A1522-94A9-45AA-9740-5A7A6CF5857A} = {F3B3CED1-2246-4B48-A711-2E85292F6E2B}
		{18CE246A-37EF-4C3B-A8FA-E533C0052629} = {572519B2-03F7-45A6-872E-AB81E2881359}
		{461B9688-4CD7-41AD-ADA4-D1B3C4531095} = {572519B2-03F7-45A6-872E-AB81E2881359}
		{93545C3E-ECC1-41F8-988A-BC5AED5053CF} = {572519B2-03F7-45A6-872E-AB81E2881359}
		{55AFBCD9-065B-434A-8F55-CC3EBC16D706} = {572519B2-03F7-45A6-872E-AB81E2881359}
		{CA283AFD-8DDE-4667-A2C6-279EBDCCE8F1} = {18F6197B-7012-4033-84CA-A84FB3CD1BD3}
		{80ACA65F-4370-4A54-A6C6-1FF1DB97AF26} = {18F6197B-7012-4033-84CA-A84FB3CD1BD3}
		{D6D71215-9ED4-4BE3-9722-FDC49AD72BF8} = {18F6197B-7012-4033-84CA-A84FB3CD1BD3}
		{2A5B4B1F-D006-45D9-A172-28A3C3C23223} = {18F6197B-7012-4033-84CA-A84FB3CD1BD3}
		{FE8BA697-0D62-4982-AF38-BB119B05F3DE} = {18F6197B-7012-4033-84CA-A84FB3CD1BD3}
		{F3691CE1-248A-426B-B1D6-21D3C7967BF4} = {18F6197B-7012-4033-84CA-A84FB3CD1BD3}
		{5124F8CD-E169-4434-A5CE-43AD8AE82BC8} = {18F6197B-7012-4033-84CA-A84FB3CD1BD3}
		{F290BB88-2625-48BE-8DE8-81D0B3AC29C3} = {18F6197B-7012-4033-84CA-A84FB3CD1BD3}
		{94F44251-2D94-455F-8897-E906DF2FA057} = {18F6197B-7012-4033-84CA-A84FB3CD1BD3}
		{A113728E-7FCC-473E-AF54-0F54810C4D8F} = {18F6197B-7012-4033-84CA-A84FB3CD1BD3}
		{8A17EB86-2DFA-475A-80CA-4F1469BC3740} = {18F6197B-7012-4033-84CA-A84FB3CD1BD3}
		{933BD8DB-0004-409D-A93D-9166A2B7EDFF} = {18F6197B-7012-4033-84CA-A84FB3CD1BD3}
		{24A7E857-A32C-4776-86B6-EEFBEAECB44F} = {18F6197B-7012-4033-84CA-A84FB3CD1BD3}
		{68BE40FA-8683-4322-9A1D-A3993EB8A0F6} = {18F6197B-7012-4033-84CA-A84FB3CD1BD3}
		{F44A4542-2A35-470E-9CC8-0564A54D5C3D} = {18F6197B-7012-4033-84CA-A84FB3CD1BD3}
		{1186C929-2871-491D-8796-2AE7CD0F30C4} = {18F6197B-7012-4033-84CA-A84FB3CD1BD3}
		{11BCCA7C-2FD9-4378-89AC-78ED532A75A7} = {18F6197B-7012-4033-84CA-A84FB3CD1BD3}
		{A8372D3E-8385-449D-8969-99B225ABFDA3} = {18F6197B-7012-4033-84CA-A84FB3CD1BD3}
		{F8A13FBA-5BE0-4E1B-BCA7-6043720B8E0D} = {F0D83F64-5DCD-4EE7-B7EC-59E85301B4E3}
		{3D49F238-547D-455F-B883-F02D9F5A962C} = {F0D83F64-5DCD-4EE7-B7EC-59E85301B4E3}
		{5E8E1FA7-2C7A-4E33-BC91-78BD19F0F7CF} = {F0D83F64-5DCD-4EE7-B7EC-59E85301B4E3}
		{8E1C25CD-01E3-4C8E-A828-7D47312F1DF1} = {F0D83F64-5DCD-4EE7-B7EC-59E85301B4E3}
		{561F385B-D71A-4A8D-85FD-EF874391ACC3} = {F0D83F64-5DCD-4EE7-B7EC-59E85301B4E3}
		{81B36616-760B-4BE3-B902-93A1249FE3F6} = {F0D83F64-5DCD-4EE7-B7EC-59E85301B4E3}
		{179C3CCC-9776-468D-93F1-2B8D3CCA78C7} = {F0D83F64-5DCD-4EE7-B7EC-59E85301B4E3}
		{1746C4E7-7BBF-44BF-BF3C-B92CDCEE9B1A} = {F0D83F64-5DCD-4EE7-B7EC-59E85301B4E3}
		{5FA1B54A-6C20-4DDF-88FB-8479820A412A} = {F0D83F64-5DCD-4EE7-B7EC-59E85301B4E3}
		{9B849594-EF56-4C0F-9E81-89F4AE435479} = {F0D83F64-5DCD-4EE7-B7EC-59E85301B4E3}
		{A5523821-D8A8-48E2-9B05-6A90BE578D77} = {F0D83F64-5DCD-4EE7-B7EC-59E85301B4E3}
		{01710CD0-B58A-4B9C-8995-06AFD7C08259} = {F0D83F64-5DCD-4EE7-B7EC-59E85301B4E3}
		{25B43443-3BD0-4888-84B4-CC0E6E266973} = {F0D83F64-5DCD-4EE7-B7EC-59E85301B4E3}
		{4D8580F0-EA9F-4ACF-A490-3C7A8FE81278} = {F0D83F64-5DCD-4EE7-B7EC-59E85301B4E3}
		{D32CA2D6-3858-4BC0-B967-7FD2DB633114} = {F0D83F64-5DCD-4EE7-B7EC-59E85301B4E3}
		{DDEEC0E7-F3A5-4EB3-8E8B-70E74E52154B} = {F0D83F64-5DCD-4EE7-B7EC-59E85301B4E3}
		{FCDBCF1D-3B86-4A6A-839E-9E731A11D728} = {F0D83F64-5DCD-4EE7-B7EC-59E85301B4E3}
		{177CD007-1940-415F-8E6B-A38F160BD7D6} = {F0D83F64-5DCD-4EE7-B7EC-59E85301B4E3}
		{62D3BD33-6C50-4112-BE66-2E3270D3974D} = {A7ACCAE4-7EE8-456C-8C06-775B90090E36}
		{598C922D-6F69-4A4A-9FDE-3BFFC007F9F4} = {A7ACCAE4-7EE8-456C-8C06-775B90090E36}
		{9DCE1CE7-EBCE-4BAE-97CD-DCCBF111C359} = {A7ACCAE4-7EE8-456C-8C06-775B90090E36}
		{FE3EA080-0D77-49F9-889D-EE8AFD8A3FC8} = {A7ACCAE4-7EE8-456C-8C06-775B90090E36}
		{2CA18E4D-18B5-44AA-B308-20E9D26198AC} = {A7ACCAE4-7EE8-456C-8C06-775B90090E36}
		{9E71134F-5CC0-4322-84DA-B926FC14307B} = {A7ACCAE4-7EE8-456C-8C06-775B90090E36}
		{1B08ADF1-D9C6-46C1-89D5-22C0DC4D2113} = {A7ACCAE4-7EE8-456C-8C06-775B90090E36}
		{50B91EED-04FB-45AB-B170-E1FDBA61FAA2} = {572519B2-03F7-45A6-872E-AB81E2881359}
		{EE7B27EF-F67C-4AB6-86DE-72393D503550} = {A7ACCAE4-7EE8-456C-8C06-775B90090E36}
		{923526E6-0CFB-4E93-934D-85E3F5EA6787} = {A7ACCAE4-7EE8-456C-8C06-775B90090E36}
		{C2ACAFA3-81B6-479F-9CFD-8A24B06155AC} = {A7ACCAE4-7EE8-456C-8C06-775B90090E36}
		{D188F9BC-66C4-453B-8A3A-6B1BA707BBF3} = {A7ACCAE4-7EE8-456C-8C06-775B90090E36}
		{9E638BAF-E055-48B3-98FE-217CDF98EA29} = {A7ACCAE4-7EE8-456C-8C06-775B90090E36}
		{5AFDF64F-3F51-41C5-A0CB-3EA80396495F} = {A7ACCAE4-7EE8-456C-8C06-775B90090E36}
		{AED15DCF-CB1A-42C3-815E-FAB55494CEEA} = {D78207BF-63FA-4466-A0F4-4204464D1A76}
		{2523B85E-7E49-4D39-ACAA-D587EA024A31} = {D78207BF-63FA-4466-A0F4-4204464D1A76}
		{C4131440-5FFC-422E-B459-8E7DCB92D143} = {D78207BF-63FA-4466-A0F4-4204464D1A76}
		{6505CE22-04AF-4A2A-BB6E-02A107770F53} = {550BA649-57B2-4C63-8B15-4357F6133566}
		{17A7DF42-DEBC-4F13-B748-A5077DCF1D40} = {550BA649-57B2-4C63-8B15-4357F6133566}
		{7EE06D1F-9B10-461D-803B-DBEDD97515E5} = {550BA649-57B2-4C63-8B15-4357F6133566}
		{6D09209B-40B8-4297-B545-E10BF690A75D} = {B35439B1-FEEB-4913-B484-558489172DA6}
		{956D5770-ABA7-4B11-9859-776C5B6D9AE2} = {B35439B1-FEEB-4913-B484-558489172DA6}
		{BF1C159A-2664-4F2F-A345-58661EDFD531} = {B35439B1-FEEB-4913-B484-558489172DA6}
		{B7E755A5-B004-4B57-A494-3143DEE07F0F} = {B35439B1-FEEB-4913-B484-558489172DA6}
		{CED8D843-935F-4A7E-835B-3EDE0EE65911} = {B35439B1-FEEB-4913-B484-558489172DA6}
		{722A28A7-824B-49E0-90AB-B1CB26CA4AAA} = {B35439B1-FEEB-4913-B484-558489172DA6}
		{284000A3-79C5-48F9-B65E-C9B8B636F739} = {B35439B1-FEEB-4913-B484-558489172DA6}
		{AE1DA447-A75B-4D38-B76D-6A4BD70BF117} = {B35439B1-FEEB-4913-B484-558489172DA6}
		{8BCEB97D-9A1E-4B3C-AF89-E0BF29A27C67} = {B35439B1-FEEB-4913-B484-558489172DA6}
	EndGlobalSection
EndGlobal
