
Microsoft Visual Studio Solution File, Format Version 12.00
# Visual Studio 15
VisualStudioVersion = 15.0.27004.2002
MinimumVisualStudioVersion = 10.0.40219.1
Project("{FAE04EC0-301F-11D3-BF4B-00C04F79EFBC}") = "Problem3_17", "Problem3_17\Problem3_17.csproj", "{C0C98977-0486-4552-B0C9-56E0FF7DBD6B}"
EndProject
Global
	GlobalSection(SolutionConfigurationPlatforms) = preSolution
		Debug|Any CPU = Debug|Any CPU
		Release|Any CPU = Release|Any CPU
	EndGlobalSection
	GlobalSection(ProjectConfigurationPlatforms) = postSolution
		{C0C98977-0486-4552-B0C9-56E0FF7DBD6B}.Debug|Any CPU.ActiveCfg = Debug|Any CPU
		{C0C98977-0486-4552-B0C9-56E0FF7DBD6B}.Debug|Any CPU.Build.0 = Debug|Any CPU
		{C0C98977-0486-4552-B0C9-56E0FF7DBD6B}.Release|Any CPU.ActiveCfg = Release|Any CPU
		{C0C98977-0486-4552-B0C9-56E0FF7DBD6B}.Release|Any CPU.Build.0 = Release|Any CPU
	EndGlobalSection
	GlobalSection(SolutionProperties) = preSolution
		HideSolutionNode = FALSE
	EndGlobalSection
	GlobalSection(ExtensibilityGlobals) = postSolution
		SolutionGuid = {47310041-2140-4B77-A9FC-3133A7B040AD}
	EndGlobalSection
EndGlobal
